// !$*UTF8*$!
{
	archiveVersion = 1;
	classes = {
	};
	objectVersion = 46;
	objects = {

/* Begin PBXBuildFile section */
		CA00508D171404B000D5EF2B /* checkBtn_down.png in Resources */ = {isa = PBXBuildFile; fileRef = CA005089171404B000D5EF2B /* checkBtn_down.png */; };
		CA00508E171404B000D5EF2B /* deleteBtn_normal.png in Resources */ = {isa = PBXBuildFile; fileRef = CA00508A171404B000D5EF2B /* deleteBtn_normal.png */; };
		CA00508F171404B000D5EF2B /* checkBtn_normal.png in Resources */ = {isa = PBXBuildFile; fileRef = CA00508B171404B000D5EF2B /* checkBtn_normal.png */; };
		CA005090171404B000D5EF2B /* deleteBtn_down.png in Resources */ = {isa = PBXBuildFile; fileRef = CA00508C171404B000D5EF2B /* deleteBtn_down.png */; };
		CA005092171409C200D5EF2B /* _refresh.png in Resources */ = {isa = PBXBuildFile; fileRef = CA005091171409C200D5EF2B /* _refresh.png */; };
		CA3D25D5170AA835003DD461 /* CHCSVWriter.m in Sources */ = {isa = PBXBuildFile; fileRef = CA3D25D4170AA835003DD461 /* CHCSVWriter.m */; settings = {COMPILER_FLAGS = "-fno-objc-arc"; }; };
		CA44943F1708196800A05F8D /* excel.png in Resources */ = {isa = PBXBuildFile; fileRef = CA44943E1708196800A05F8D /* excel.png */; };
		CA44944117081A5600A05F8D /* export.png in Resources */ = {isa = PBXBuildFile; fileRef = CA44944017081A5600A05F8D /* export.png */; };
		CA4494451708243A00A05F8D /* MBProgressHUD.m in Sources */ = {isa = PBXBuildFile; fileRef = CA4494441708243A00A05F8D /* MBProgressHUD.m */; settings = {COMPILER_FLAGS = " -fno-objc-arc"; }; };
		CA4DE64E17203167005F7A01 /* MNMToast.m in Sources */ = {isa = PBXBuildFile; fileRef = CA4DE64717203167005F7A01 /* MNMToast.m */; };
		CA4DE64F17203167005F7A01 /* MNMToastConstants.m in Sources */ = {isa = PBXBuildFile; fileRef = CA4DE64917203167005F7A01 /* MNMToastConstants.m */; };
		CA4DE65017203167005F7A01 /* MNMToastValue.m in Sources */ = {isa = PBXBuildFile; fileRef = CA4DE64B17203167005F7A01 /* MNMToastValue.m */; };
		CA4DE65117203167005F7A01 /* MNMToastView.m in Sources */ = {isa = PBXBuildFile; fileRef = CA4DE64D17203167005F7A01 /* MNMToastView.m */; };
		CA878D62171FA582001E0AE0 /* NSString+Trim.m in Sources */ = {isa = PBXBuildFile; fileRef = CA878D4D171FA582001E0AE0 /* NSString+Trim.m */; };
		CA878D63171FA582001E0AE0 /* UIFont+Alert.m in Sources */ = {isa = PBXBuildFile; fileRef = CA878D4F171FA582001E0AE0 /* UIFont+Alert.m */; };
		CA878D64171FA582001E0AE0 /* UIView+Animations.m in Sources */ = {isa = PBXBuildFile; fileRef = CA878D51171FA582001E0AE0 /* UIView+Animations.m */; };
		CA878D65171FA582001E0AE0 /* MBAlertView.m in Sources */ = {isa = PBXBuildFile; fileRef = CA878D53171FA582001E0AE0 /* MBAlertView.m */; };
		CA878D66171FA582001E0AE0 /* MBHUDView.m in Sources */ = {isa = PBXBuildFile; fileRef = CA878D55171FA582001E0AE0 /* MBHUDView.m */; };
		CA878D67171FA582001E0AE0 /* MBAlertViewItem.m in Sources */ = {isa = PBXBuildFile; fileRef = CA878D58171FA582001E0AE0 /* MBAlertViewItem.m */; };
		CA878D68171FA582001E0AE0 /* MBAlertViewButton.m in Sources */ = {isa = PBXBuildFile; fileRef = CA878D5D171FA582001E0AE0 /* MBAlertViewButton.m */; };
		CA878D69171FA582001E0AE0 /* MBCheckMarkView.m in Sources */ = {isa = PBXBuildFile; fileRef = CA878D5F171FA582001E0AE0 /* MBCheckMarkView.m */; };
		CA878D6A171FA582001E0AE0 /* MBSpinningCircle.m in Sources */ = {isa = PBXBuildFile; fileRef = CA878D61171FA582001E0AE0 /* MBSpinningCircle.m */; };
		CA90F9D417141DB4003F34E8 /* btn_normal.png in Resources */ = {isa = PBXBuildFile; fileRef = CA90F9D217141DB4003F34E8 /* btn_normal.png */; };
		CA90F9D517141DB4003F34E8 /* btn_down.png in Resources */ = {isa = PBXBuildFile; fileRef = CA90F9D317141DB4003F34E8 /* btn_down.png */; };
		CA90FA5B17144139003F34E8 /* CMActionSheet.m in Sources */ = {isa = PBXBuildFile; fileRef = CA90FA4717144139003F34E8 /* CMActionSheet.m */; settings = {COMPILER_FLAGS = "-fno-objc-arc"; }; };
		CA90FA5C17144139003F34E8 /* CMRotatableModalViewController.m in Sources */ = {isa = PBXBuildFile; fileRef = CA90FA4917144139003F34E8 /* CMRotatableModalViewController.m */; settings = {COMPILER_FLAGS = "-fno-objc-arc"; }; };
		CA90FA5D17144139003F34E8 /* action-blue-button-selected.png in Resources */ = {isa = PBXBuildFile; fileRef = CA90FA4B17144139003F34E8 /* action-blue-button-selected.png */; };
		CA90FA5E17144139003F34E8 /* action-blue-button-selected@2x.png in Resources */ = {isa = PBXBuildFile; fileRef = CA90FA4C17144139003F34E8 /* action-blue-button-selected@2x.png */; };
		CA90FA5F17144139003F34E8 /* action-blue-button.png in Resources */ = {isa = PBXBuildFile; fileRef = CA90FA4D17144139003F34E8 /* action-blue-button.png */; };
		CA90FA6017144139003F34E8 /* action-blue-button@2x.png in Resources */ = {isa = PBXBuildFile; fileRef = CA90FA4E17144139003F34E8 /* action-blue-button@2x.png */; };
		CA90FA6117144139003F34E8 /* action-red-button-selected.png in Resources */ = {isa = PBXBuildFile; fileRef = CA90FA4F17144139003F34E8 /* action-red-button-selected.png */; };
		CA90FA6217144139003F34E8 /* action-red-button-selected@2x.png in Resources */ = {isa = PBXBuildFile; fileRef = CA90FA5017144139003F34E8 /* action-red-button-selected@2x.png */; };
		CA90FA6317144139003F34E8 /* action-red-button.png in Resources */ = {isa = PBXBuildFile; fileRef = CA90FA5117144139003F34E8 /* action-red-button.png */; };
		CA90FA6417144139003F34E8 /* action-red-button@2x.png in Resources */ = {isa = PBXBuildFile; fileRef = CA90FA5217144139003F34E8 /* action-red-button@2x.png */; };
		CA90FA6517144139003F34E8 /* action-separator.png in Resources */ = {isa = PBXBuildFile; fileRef = CA90FA5317144139003F34E8 /* action-separator.png */; };
		CA90FA6617144139003F34E8 /* action-separator@2x.png in Resources */ = {isa = PBXBuildFile; fileRef = CA90FA5417144139003F34E8 /* action-separator@2x.png */; };
		CA90FA6717144139003F34E8 /* action-sheet-panel.png in Resources */ = {isa = PBXBuildFile; fileRef = CA90FA5517144139003F34E8 /* action-sheet-panel.png */; };
		CA90FA6817144139003F34E8 /* action-sheet-panel@2x.png in Resources */ = {isa = PBXBuildFile; fileRef = CA90FA5617144139003F34E8 /* action-sheet-panel@2x.png */; };
		CA90FA6917144139003F34E8 /* action-white-button-selected.png in Resources */ = {isa = PBXBuildFile; fileRef = CA90FA5717144139003F34E8 /* action-white-button-selected.png */; };
		CA90FA6A17144139003F34E8 /* action-white-button-selected@2x.png in Resources */ = {isa = PBXBuildFile; fileRef = CA90FA5817144139003F34E8 /* action-white-button-selected@2x.png */; };
		CA90FA6B17144139003F34E8 /* action-white-button.png in Resources */ = {isa = PBXBuildFile; fileRef = CA90FA5917144139003F34E8 /* action-white-button.png */; };
		CA90FA6C17144139003F34E8 /* action-white-button@2x.png in Resources */ = {isa = PBXBuildFile; fileRef = CA90FA5A17144139003F34E8 /* action-white-button@2x.png */; };
		CA93F95916FD81D700A1BA03 /* ScanAllRecords.m in Sources */ = {isa = PBXBuildFile; fileRef = CA93F95716FD81D700A1BA03 /* ScanAllRecords.m */; settings = {COMPILER_FLAGS = " "; }; };
		CA93F95A16FD81D700A1BA03 /* ScanAllRecords.xib in Resources */ = {isa = PBXBuildFile; fileRef = CA93F95816FD81D700A1BA03 /* ScanAllRecords.xib */; };
		CA949D891713FB7400FCCCF2 /* checkBtn.png in Resources */ = {isa = PBXBuildFile; fileRef = CA949D871713FB7400FCCCF2 /* checkBtn.png */; };
		CA949D8A1713FB7400FCCCF2 /* deleteBtn.png in Resources */ = {isa = PBXBuildFile; fileRef = CA949D881713FB7400FCCCF2 /* deleteBtn.png */; };
		CA9593F21716E2FA004C9D31 /* setting.png in Resources */ = {isa = PBXBuildFile; fileRef = CA9593EF1716E2FA004C9D31 /* setting.png */; };
		CA9593F61716E30F004C9D31 /* add.png in Resources */ = {isa = PBXBuildFile; fileRef = CA9593F51716E30F004C9D31 /* add.png */; };
		CA9593F81716E490004C9D31 /* scan.png in Resources */ = {isa = PBXBuildFile; fileRef = CA9593F71716E490004C9D31 /* scan.png */; };
		CA9593FE1716EA20004C9D31 /* Default-Landscape.png in Resources */ = {isa = PBXBuildFile; fileRef = CA9593FD1716EA1D004C9D31 /* Default-Landscape.png */; };
		CA9594001716ECDC004C9D31 /* logo.png in Resources */ = {isa = PBXBuildFile; fileRef = CA9593FF1716ECDB004C9D31 /* logo.png */; };
		CA98197216FAAF1E0031FD44 /* UIKit.framework in Frameworks */ = {isa = PBXBuildFile; fileRef = CA98197116FAAF1E0031FD44 /* UIKit.framework */; };
		CA98197416FAAF1E0031FD44 /* Foundation.framework in Frameworks */ = {isa = PBXBuildFile; fileRef = CA98197316FAAF1E0031FD44 /* Foundation.framework */; };
		CA98197616FAAF1E0031FD44 /* CoreGraphics.framework in Frameworks */ = {isa = PBXBuildFile; fileRef = CA98197516FAAF1E0031FD44 /* CoreGraphics.framework */; };
		CA98197C16FAAF1E0031FD44 /* InfoPlist.strings in Resources */ = {isa = PBXBuildFile; fileRef = CA98197A16FAAF1E0031FD44 /* InfoPlist.strings */; };
		CA98197E16FAAF1E0031FD44 /* main.m in Sources */ = {isa = PBXBuildFile; fileRef = CA98197D16FAAF1E0031FD44 /* main.m */; settings = {COMPILER_FLAGS = " -fno-objc-arc"; }; };
		CA98198216FAAF1E0031FD44 /* AppDelegate.m in Sources */ = {isa = PBXBuildFile; fileRef = CA98198116FAAF1E0031FD44 /* AppDelegate.m */; };
		CA98198416FAAF1E0031FD44 /* Default.png in Resources */ = {isa = PBXBuildFile; fileRef = CA98198316FAAF1E0031FD44 /* Default.png */; };
		CA98198616FAAF1E0031FD44 /* Default@2x.png in Resources */ = {isa = PBXBuildFile; fileRef = CA98198516FAAF1E0031FD44 /* Default@2x.png */; };
		CA98198816FAAF1E0031FD44 /* Default-568h@2x.png in Resources */ = {isa = PBXBuildFile; fileRef = CA98198716FAAF1E0031FD44 /* Default-568h@2x.png */; };
		CA9819AD16FAAF6B0031FD44 /* arraw.png in Resources */ = {isa = PBXBuildFile; fileRef = CA98199616FAAF6B0031FD44 /* arraw.png */; };
		CA9819AE16FAAF6B0031FD44 /* button_icon_close.png in Resources */ = {isa = PBXBuildFile; fileRef = CA98199716FAAF6B0031FD44 /* button_icon_close.png */; };
		CA9819AF16FAAF6B0031FD44 /* button_icon_close@2x.png in Resources */ = {isa = PBXBuildFile; fileRef = CA98199816FAAF6B0031FD44 /* button_icon_close@2x.png */; };
		CA9819B216FAAF6B0031FD44 /* bg0.png in Resources */ = {isa = PBXBuildFile; fileRef = CA98199B16FAAF6B0031FD44 /* bg0.png */; };
		CA9819B816FAAF6B0031FD44 /* ipad_tab_cell_selected.png in Resources */ = {isa = PBXBuildFile; fileRef = CA9819A116FAAF6B0031FD44 /* ipad_tab_cell_selected.png */; };
		CA9819B916FAAF6B0031FD44 /* ipad_tab_cell_separator_vertical.png in Resources */ = {isa = PBXBuildFile; fileRef = CA9819A216FAAF6B0031FD44 /* ipad_tab_cell_separator_vertical.png */; };
		CA9819BA16FAAF6B0031FD44 /* ipad_tab_cell_separator.png in Resources */ = {isa = PBXBuildFile; fileRef = CA9819A316FAAF6B0031FD44 /* ipad_tab_cell_separator.png */; };
		CA9819BD16FAAF6B0031FD44 /* nav_bg.png in Resources */ = {isa = PBXBuildFile; fileRef = CA9819A616FAAF6B0031FD44 /* nav_bg.png */; };
		CA9819C116FAAF6B0031FD44 /* ok.png in Resources */ = {isa = PBXBuildFile; fileRef = CA9819AA16FAAF6B0031FD44 /* ok.png */; };
		CA9819C216FAAF6B0031FD44 /* reduce.png in Resources */ = {isa = PBXBuildFile; fileRef = CA9819AB16FAAF6B0031FD44 /* reduce.png */; };
		CA9819C316FAAF6B0031FD44 /* refresh.png in Resources */ = {isa = PBXBuildFile; fileRef = CA9819AC16FAAF6B0031FD44 /* refresh.png */; };
		CA9819C816FAAF7B0031FD44 /* DownAccessory.png in Resources */ = {isa = PBXBuildFile; fileRef = CA9819C416FAAF7B0031FD44 /* DownAccessory.png */; };
		CA9819C916FAAF7B0031FD44 /* DownAccessory@2x.png in Resources */ = {isa = PBXBuildFile; fileRef = CA9819C516FAAF7B0031FD44 /* DownAccessory@2x.png */; };
		CA9819CA16FAAF7B0031FD44 /* UpAccessory.png in Resources */ = {isa = PBXBuildFile; fileRef = CA9819C616FAAF7B0031FD44 /* UpAccessory.png */; };
		CA9819CB16FAAF7B0031FD44 /* UpAccessory@2x.png in Resources */ = {isa = PBXBuildFile; fileRef = CA9819C716FAAF7B0031FD44 /* UpAccessory@2x.png */; };
		CA9819D716FAAF860031FD44 /* Icon-72.png in Resources */ = {isa = PBXBuildFile; fileRef = CA9819CD16FAAF860031FD44 /* Icon-72.png */; };
		CA9819D816FAAF860031FD44 /* Icon-72@2x.png in Resources */ = {isa = PBXBuildFile; fileRef = CA9819CE16FAAF860031FD44 /* Icon-72@2x.png */; };
		CA9819D916FAAF860031FD44 /* Icon-Small-50.png in Resources */ = {isa = PBXBuildFile; fileRef = CA9819CF16FAAF860031FD44 /* Icon-Small-50.png */; };
		CA9819DA16FAAF860031FD44 /* Icon-Small-50@2x.png in Resources */ = {isa = PBXBuildFile; fileRef = CA9819D016FAAF860031FD44 /* Icon-Small-50@2x.png */; };
		CA9819DB16FAAF860031FD44 /* Icon-Small.png in Resources */ = {isa = PBXBuildFile; fileRef = CA9819D116FAAF860031FD44 /* Icon-Small.png */; };
		CA9819DC16FAAF860031FD44 /* Icon-Small@2x.png in Resources */ = {isa = PBXBuildFile; fileRef = CA9819D216FAAF860031FD44 /* Icon-Small@2x.png */; };
		CA9819DD16FAAF860031FD44 /* Icon.png in Resources */ = {isa = PBXBuildFile; fileRef = CA9819D316FAAF860031FD44 /* Icon.png */; };
		CA9819DE16FAAF860031FD44 /* Icon@2x.png in Resources */ = {isa = PBXBuildFile; fileRef = CA9819D416FAAF860031FD44 /* Icon@2x.png */; };
		CA9819DF16FAAF860031FD44 /* iTunesArtwork.png in Resources */ = {isa = PBXBuildFile; fileRef = CA9819D516FAAF860031FD44 /* iTunesArtwork.png */; };
		CA9819E016FAAF860031FD44 /* iTunesArtwork@2x.png in Resources */ = {isa = PBXBuildFile; fileRef = CA9819D616FAAF860031FD44 /* iTunesArtwork@2x.png */; };
		CA9819EC16FAAF8F0031FD44 /* FMDatabase.m in Sources */ = {isa = PBXBuildFile; fileRef = CA9819E316FAAF8F0031FD44 /* FMDatabase.m */; settings = {COMPILER_FLAGS = "-fno-objc-arc"; }; };
		CA9819ED16FAAF8F0031FD44 /* FMDatabaseAdditions.m in Sources */ = {isa = PBXBuildFile; fileRef = CA9819E516FAAF8F0031FD44 /* FMDatabaseAdditions.m */; settings = {COMPILER_FLAGS = "-fno-objc-arc"; }; };
		CA9819EE16FAAF8F0031FD44 /* FMDatabasePool.m in Sources */ = {isa = PBXBuildFile; fileRef = CA9819E716FAAF8F0031FD44 /* FMDatabasePool.m */; settings = {COMPILER_FLAGS = "-fno-objc-arc"; }; };
		CA9819EF16FAAF8F0031FD44 /* FMDatabaseQueue.m in Sources */ = {isa = PBXBuildFile; fileRef = CA9819E916FAAF8F0031FD44 /* FMDatabaseQueue.m */; settings = {COMPILER_FLAGS = "-fno-objc-arc"; }; };
		CA9819F016FAAF8F0031FD44 /* FMResultSet.m in Sources */ = {isa = PBXBuildFile; fileRef = CA9819EB16FAAF8F0031FD44 /* FMResultSet.m */; settings = {COMPILER_FLAGS = "-fno-objc-arc"; }; };
		CA9819F216FAAF9C0031FD44 /* libsqlite3.dylib in Frameworks */ = {isa = PBXBuildFile; fileRef = CA9819F116FAAF9C0031FD44 /* libsqlite3.dylib */; };
		CA9819F416FAAFB80031FD44 /* menu.plist in Resources */ = {isa = PBXBuildFile; fileRef = CA9819F316FAAFB80031FD44 /* menu.plist */; };
		CA9819F816FAB0370031FD44 /* RootViewController.m in Sources */ = {isa = PBXBuildFile; fileRef = CA9819F716FAB0370031FD44 /* RootViewController.m */; settings = {COMPILER_FLAGS = "-fno-objc-arc"; }; };
		CA9819FF16FAB05F0031FD44 /* DataViewController.m in Sources */ = {isa = PBXBuildFile; fileRef = CA9819FA16FAB05F0031FD44 /* DataViewController.m */; settings = {COMPILER_FLAGS = " "; }; };
		CA981A0016FAB05F0031FD44 /* MenuController.m in Sources */ = {isa = PBXBuildFile; fileRef = CA9819FC16FAB05F0031FD44 /* MenuController.m */; settings = {COMPILER_FLAGS = "-fno-objc-arc"; }; };
		CA981A0116FAB05F0031FD44 /* StackScrollViewController.m in Sources */ = {isa = PBXBuildFile; fileRef = CA9819FE16FAB05F0031FD44 /* StackScrollViewController.m */; settings = {COMPILER_FLAGS = "-fno-objc-arc"; }; };
		CA981A0516FAB0930031FD44 /* UIViewWithShadow.m in Sources */ = {isa = PBXBuildFile; fileRef = CA981A0416FAB0930031FD44 /* UIViewWithShadow.m */; settings = {COMPILER_FLAGS = "-fno-objc-arc"; }; };
		CA981A0D16FAB0AA0031FD44 /* Cell1.m in Sources */ = {isa = PBXBuildFile; fileRef = CA981A0816FAB0AA0031FD44 /* Cell1.m */; settings = {COMPILER_FLAGS = "-fno-objc-arc"; }; };
		CA981A0E16FAB0AA0031FD44 /* Cell1.xib in Resources */ = {isa = PBXBuildFile; fileRef = CA981A0916FAB0AA0031FD44 /* Cell1.xib */; };
		CA981A0F16FAB0AA0031FD44 /* Cell2.m in Sources */ = {isa = PBXBuildFile; fileRef = CA981A0B16FAB0AA0031FD44 /* Cell2.m */; settings = {COMPILER_FLAGS = "-fno-objc-arc"; }; };
		CA981A1016FAB0AA0031FD44 /* Cell2.xib in Resources */ = {isa = PBXBuildFile; fileRef = CA981A0C16FAB0AA0031FD44 /* Cell2.xib */; };
		CA981A1416FAB0C90031FD44 /* GCDiscreetNotificationView.m in Sources */ = {isa = PBXBuildFile; fileRef = CA981A1316FAB0C90031FD44 /* GCDiscreetNotificationView.m */; settings = {COMPILER_FLAGS = "-fno-objc-arc"; }; };
		CA981A2116FAB0E60031FD44 /* BingQu.m in Sources */ = {isa = PBXBuildFile; fileRef = CA981A1716FAB0E60031FD44 /* BingQu.m */; settings = {COMPILER_FLAGS = " "; }; };
		CA981A2216FAB0E60031FD44 /* dataBaseManager.m in Sources */ = {isa = PBXBuildFile; fileRef = CA981A1A16FAB0E60031FD44 /* dataBaseManager.m */; settings = {COMPILER_FLAGS = "-fno-objc-arc"; }; };
		CA981A2316FAB0E60031FD44 /* Medicine.m in Sources */ = {isa = PBXBuildFile; fileRef = CA981A1C16FAB0E60031FD44 /* Medicine.m */; settings = {COMPILER_FLAGS = " "; }; };
		CA981A2516FAB0E60031FD44 /* Record.m in Sources */ = {isa = PBXBuildFile; fileRef = CA981A2016FAB0E60031FD44 /* Record.m */; settings = {COMPILER_FLAGS = ""; }; };
		CA981A2B16FAB1200031FD44 /* NewMedicine.m in Sources */ = {isa = PBXBuildFile; fileRef = CA981A2916FAB1200031FD44 /* NewMedicine.m */; settings = {COMPILER_FLAGS = " "; }; };
		CA981A2C16FAB1200031FD44 /* NewMedicine.xib in Resources */ = {isa = PBXBuildFile; fileRef = CA981A2A16FAB1200031FD44 /* NewMedicine.xib */; };
		CA981A3716FAB14B0031FD44 /* NewRecord.m in Sources */ = {isa = PBXBuildFile; fileRef = CA981A3516FAB14B0031FD44 /* NewRecord.m */; settings = {COMPILER_FLAGS = " "; }; };
		CA981A3816FAB14B0031FD44 /* NewRecord.xib in Resources */ = {isa = PBXBuildFile; fileRef = CA981A3616FAB14B0031FD44 /* NewRecord.xib */; };
		CA981A3C16FAB15C0031FD44 /* SelectBQ.m in Sources */ = {isa = PBXBuildFile; fileRef = CA981A3A16FAB15C0031FD44 /* SelectBQ.m */; settings = {COMPILER_FLAGS = " "; }; };
		CA981A3D16FAB15C0031FD44 /* SelectBQ.xib in Resources */ = {isa = PBXBuildFile; fileRef = CA981A3B16FAB15C0031FD44 /* SelectBQ.xib */; };
		CA981A4416FAB1710031FD44 /* InputNewRecord.m in Sources */ = {isa = PBXBuildFile; fileRef = CA981A3F16FAB1710031FD44 /* InputNewRecord.m */; settings = {COMPILER_FLAGS = " "; }; };
		CA981A4516FAB1710031FD44 /* InputNewRecord.xib in Resources */ = {isa = PBXBuildFile; fileRef = CA981A4016FAB1710031FD44 /* InputNewRecord.xib */; };
		CA981A4616FAB1710031FD44 /* MedInfoCell.m in Sources */ = {isa = PBXBuildFile; fileRef = CA981A4216FAB1710031FD44 /* MedInfoCell.m */; };
		CA981A4716FAB1710031FD44 /* MedInfoCell.xib in Resources */ = {isa = PBXBuildFile; fileRef = CA981A4316FAB1710031FD44 /* MedInfoCell.xib */; };
		CA981A4916FAB22F0031FD44 /* QuartzCore.framework in Frameworks */ = {isa = PBXBuildFile; fileRef = CA981A4816FAB22F0031FD44 /* QuartzCore.framework */; };
		CA981A4B16FAB5100031FD44 /* MainWindow.xib in Resources */ = {isa = PBXBuildFile; fileRef = CA981A4A16FAB5100031FD44 /* MainWindow.xib */; };
		CA981A4F16FACA1C0031FD44 /* Default-Portrait.png in Resources */ = {isa = PBXBuildFile; fileRef = CA981A4D16FACA1B0031FD44 /* Default-Portrait.png */; };
		CA981A5316FACEA70031FD44 /* NewBingQu.m in Sources */ = {isa = PBXBuildFile; fileRef = CA981A5116FACEA70031FD44 /* NewBingQu.m */; settings = {COMPILER_FLAGS = " "; }; };
		CA981A5416FACEA70031FD44 /* NewBingQu.xib in Resources */ = {isa = PBXBuildFile; fileRef = CA981A5216FACEA70031FD44 /* NewBingQu.xib */; };
		CA981A5916FAE28D0031FD44 /* ScanAllMedInfo.m in Sources */ = {isa = PBXBuildFile; fileRef = CA981A5716FAE28D0031FD44 /* ScanAllMedInfo.m */; settings = {COMPILER_FLAGS = " "; }; };
		CA981A5A16FAE28D0031FD44 /* ScanAllMedInfo.xib in Resources */ = {isa = PBXBuildFile; fileRef = CA981A5816FAE28D0031FD44 /* ScanAllMedInfo.xib */; };
		CA981A6916FAE3DC0031FD44 /* ipad_top_bg_noshadow.png in Resources */ = {isa = PBXBuildFile; fileRef = CA981A6516FAE3DC0031FD44 /* ipad_top_bg_noshadow.png */; };
		CA981A6A16FAE3DC0031FD44 /* ipad_top_bg.png in Resources */ = {isa = PBXBuildFile; fileRef = CA981A6616FAE3DC0031FD44 /* ipad_top_bg.png */; };
		CA981A6B16FAE3DC0031FD44 /* ipad_top_bg2_noshadow.png in Resources */ = {isa = PBXBuildFile; fileRef = CA981A6716FAE3DC0031FD44 /* ipad_top_bg2_noshadow.png */; };
		CA981A6C16FAE3DC0031FD44 /* ipad_top_bg2.png in Resources */ = {isa = PBXBuildFile; fileRef = CA981A6816FAE3DC0031FD44 /* ipad_top_bg2.png */; };
		CAA627FD1720E8AD00D4FEA3 /* QBFlatButton.m in Sources */ = {isa = PBXBuildFile; fileRef = CAA627FC1720E8AD00D4FEA3 /* QBFlatButton.m */; };
		CAA627FF1720E95F00D4FEA3 /* font.ttf in Resources */ = {isa = PBXBuildFile; fileRef = CAA627FE1720E95F00D4FEA3 /* font.ttf */; };
		CAA752471715941A00EF9B56 /* WCAlertView.m in Sources */ = {isa = PBXBuildFile; fileRef = CAA752461715941A00EF9B56 /* WCAlertView.m */; settings = {COMPILER_FLAGS = "-fno-objc-arc"; }; };
		CAB8F54516FEC83C0004FB04 /* RecordDetail.m in Sources */ = {isa = PBXBuildFile; fileRef = CAB8F54416FEC83C0004FB04 /* RecordDetail.m */; settings = {COMPILER_FLAGS = " "; }; };
		CAB9B604172268E60032D1C5 /* Title.png in Resources */ = {isa = PBXBuildFile; fileRef = CAB9B602172268E60032D1C5 /* Title.png */; };
		CAB9B605172268E60032D1C5 /* Title@2x.png in Resources */ = {isa = PBXBuildFile; fileRef = CAB9B603172268E60032D1C5 /* Title@2x.png */; };
		CABBA80717018338009BFB35 /* ExportTable.m in Sources */ = {isa = PBXBuildFile; fileRef = CABBA80517018338009BFB35 /* ExportTable.m */; settings = {COMPILER_FLAGS = " "; }; };
		CABBA80817018338009BFB35 /* ExportTable.xib in Resources */ = {isa = PBXBuildFile; fileRef = CABBA80617018338009BFB35 /* ExportTable.xib */; };
		CAD38C121724DBB60052324F /* UIView+customBackground.m in Sources */ = {isa = PBXBuildFile; fileRef = CAD38C111724DBB60052324F /* UIView+customBackground.m */; };
		CAE68246171664D20059B9F5 /* bg2.png in Resources */ = {isa = PBXBuildFile; fileRef = CAE68245171664D20059B9F5 /* bg2.png */; };
		CAE6825C171666EA0059B9F5 /* bg1.png in Resources */ = {isa = PBXBuildFile; fileRef = CAE68248171666EA0059B9F5 /* bg1.png */; };
		CAE6825F171666EA0059B9F5 /* bg12.png in Resources */ = {isa = PBXBuildFile; fileRef = CAE6824B171666EA0059B9F5 /* bg12.png */; };
		CAE68260171666EA0059B9F5 /* bg13.png in Resources */ = {isa = PBXBuildFile; fileRef = CAE6824C171666EA0059B9F5 /* bg13.png */; };
		CAE68262171666EA0059B9F5 /* bg15.png in Resources */ = {isa = PBXBuildFile; fileRef = CAE6824E171666EA0059B9F5 /* bg15.png */; };
		CAE68263171666EA0059B9F5 /* bg16.png in Resources */ = {isa = PBXBuildFile; fileRef = CAE6824F171666EA0059B9F5 /* bg16.png */; };
		CAE68264171666EA0059B9F5 /* bg17.png in Resources */ = {isa = PBXBuildFile; fileRef = CAE68250171666EA0059B9F5 /* bg17.png */; };
		CAE68265171666EA0059B9F5 /* bg18.png in Resources */ = {isa = PBXBuildFile; fileRef = CAE68251171666EA0059B9F5 /* bg18.png */; };
		CAE68266171666EA0059B9F5 /* bg19.png in Resources */ = {isa = PBXBuildFile; fileRef = CAE68252171666EA0059B9F5 /* bg19.png */; };
		CAE68267171666EA0059B9F5 /* bg2.png in Resources */ = {isa = PBXBuildFile; fileRef = CAE68253171666EA0059B9F5 /* bg2.png */; };
		CAE68268171666EA0059B9F5 /* bg10.png in Resources */ = {isa = PBXBuildFile; fileRef = CAE68254171666EA0059B9F5 /* bg10.png */; };
		CAE6826A171666EA0059B9F5 /* bg4.png in Resources */ = {isa = PBXBuildFile; fileRef = CAE68256171666EA0059B9F5 /* bg4.png */; };
		CAE6826B171666EA0059B9F5 /* bg5.png in Resources */ = {isa = PBXBuildFile; fileRef = CAE68257171666EA0059B9F5 /* bg5.png */; };
		CAE6826C171666EA0059B9F5 /* bg6.png in Resources */ = {isa = PBXBuildFile; fileRef = CAE68258171666EA0059B9F5 /* bg6.png */; };
		CAE6826D171666EA0059B9F5 /* bg7.png in Resources */ = {isa = PBXBuildFile; fileRef = CAE68259171666EA0059B9F5 /* bg7.png */; };
		CAE6826E171666EA0059B9F5 /* bg8.png in Resources */ = {isa = PBXBuildFile; fileRef = CAE6825A171666EA0059B9F5 /* bg8.png */; };
		CAE6826F171666EA0059B9F5 /* bg9.png in Resources */ = {isa = PBXBuildFile; fileRef = CAE6825B171666EA0059B9F5 /* bg9.png */; };
		CAE68271171669820059B9F5 /* bg3.png in Resources */ = {isa = PBXBuildFile; fileRef = CAE68270171669820059B9F5 /* bg3.png */; };
		CAE6827317166AB00059B9F5 /* bg11.png in Resources */ = {isa = PBXBuildFile; fileRef = CAE6827217166AB00059B9F5 /* bg11.png */; };
		CAE6827517166B1B0059B9F5 /* bg14.png in Resources */ = {isa = PBXBuildFile; fileRef = CAE6827417166B1A0059B9F5 /* bg14.png */; };
		CAE7F3311707D18E00D731D3 /* Help.m in Sources */ = {isa = PBXBuildFile; fileRef = CAE7F3301707D18E00D731D3 /* Help.m */; settings = {COMPILER_FLAGS = " -fno-objc-arc"; }; };
/* End PBXBuildFile section */

/* Begin PBXFileReference section */
		CA005089171404B000D5EF2B /* checkBtn_down.png */ = {isa = PBXFileReference; lastKnownFileType = image.png; path = checkBtn_down.png; sourceTree = "<group>"; };
		CA00508A171404B000D5EF2B /* deleteBtn_normal.png */ = {isa = PBXFileReference; lastKnownFileType = image.png; path = deleteBtn_normal.png; sourceTree = "<group>"; };
		CA00508B171404B000D5EF2B /* checkBtn_normal.png */ = {isa = PBXFileReference; lastKnownFileType = image.png; path = checkBtn_normal.png; sourceTree = "<group>"; };
		CA00508C171404B000D5EF2B /* deleteBtn_down.png */ = {isa = PBXFileReference; lastKnownFileType = image.png; path = deleteBtn_down.png; sourceTree = "<group>"; };
		CA005091171409C200D5EF2B /* _refresh.png */ = {isa = PBXFileReference; lastKnownFileType = image.png; path = _refresh.png; sourceTree = "<group>"; };
		CA3D25D3170AA835003DD461 /* CHCSVWriter.h */ = {isa = PBXFileReference; fileEncoding = 4; lastKnownFileType = sourcecode.c.h; path = CHCSVWriter.h; sourceTree = "<group>"; };
		CA3D25D4170AA835003DD461 /* CHCSVWriter.m */ = {isa = PBXFileReference; fileEncoding = 4; lastKnownFileType = sourcecode.c.objc; path = CHCSVWriter.m; sourceTree = "<group>"; };
		CA44943E1708196800A05F8D /* excel.png */ = {isa = PBXFileReference; lastKnownFileType = image.png; path = excel.png; sourceTree = "<group>"; };
		CA44944017081A5600A05F8D /* export.png */ = {isa = PBXFileReference; lastKnownFileType = image.png; path = export.png; sourceTree = "<group>"; };
		CA4494431708243A00A05F8D /* MBProgressHUD.h */ = {isa = PBXFileReference; fileEncoding = 4; lastKnownFileType = sourcecode.c.h; path = MBProgressHUD.h; sourceTree = "<group>"; };
		CA4494441708243A00A05F8D /* MBProgressHUD.m */ = {isa = PBXFileReference; fileEncoding = 4; lastKnownFileType = sourcecode.c.objc; path = MBProgressHUD.m; sourceTree = "<group>"; };
		CA4DE64617203167005F7A01 /* MNMToast.h */ = {isa = PBXFileReference; fileEncoding = 4; lastKnownFileType = sourcecode.c.h; path = MNMToast.h; sourceTree = "<group>"; };
		CA4DE64717203167005F7A01 /* MNMToast.m */ = {isa = PBXFileReference; fileEncoding = 4; lastKnownFileType = sourcecode.c.objc; path = MNMToast.m; sourceTree = "<group>"; };
		CA4DE64817203167005F7A01 /* MNMToastConstants.h */ = {isa = PBXFileReference; fileEncoding = 4; lastKnownFileType = sourcecode.c.h; path = MNMToastConstants.h; sourceTree = "<group>"; };
		CA4DE64917203167005F7A01 /* MNMToastConstants.m */ = {isa = PBXFileReference; fileEncoding = 4; lastKnownFileType = sourcecode.c.objc; path = MNMToastConstants.m; sourceTree = "<group>"; };
		CA4DE64A17203167005F7A01 /* MNMToastValue.h */ = {isa = PBXFileReference; fileEncoding = 4; lastKnownFileType = sourcecode.c.h; path = MNMToastValue.h; sourceTree = "<group>"; };
		CA4DE64B17203167005F7A01 /* MNMToastValue.m */ = {isa = PBXFileReference; fileEncoding = 4; lastKnownFileType = sourcecode.c.objc; path = MNMToastValue.m; sourceTree = "<group>"; };
		CA4DE64C17203167005F7A01 /* MNMToastView.h */ = {isa = PBXFileReference; fileEncoding = 4; lastKnownFileType = sourcecode.c.h; path = MNMToastView.h; sourceTree = "<group>"; };
		CA4DE64D17203167005F7A01 /* MNMToastView.m */ = {isa = PBXFileReference; fileEncoding = 4; lastKnownFileType = sourcecode.c.objc; path = MNMToastView.m; sourceTree = "<group>"; };
		CA878D4C171FA582001E0AE0 /* NSString+Trim.h */ = {isa = PBXFileReference; fileEncoding = 4; lastKnownFileType = sourcecode.c.h; path = "NSString+Trim.h"; sourceTree = "<group>"; };
		CA878D4D171FA582001E0AE0 /* NSString+Trim.m */ = {isa = PBXFileReference; fileEncoding = 4; lastKnownFileType = sourcecode.c.objc; path = "NSString+Trim.m"; sourceTree = "<group>"; };
		CA878D4E171FA582001E0AE0 /* UIFont+Alert.h */ = {isa = PBXFileReference; fileEncoding = 4; lastKnownFileType = sourcecode.c.h; path = "UIFont+Alert.h"; sourceTree = "<group>"; };
		CA878D4F171FA582001E0AE0 /* UIFont+Alert.m */ = {isa = PBXFileReference; fileEncoding = 4; lastKnownFileType = sourcecode.c.objc; path = "UIFont+Alert.m"; sourceTree = "<group>"; };
		CA878D50171FA582001E0AE0 /* UIView+Animations.h */ = {isa = PBXFileReference; fileEncoding = 4; lastKnownFileType = sourcecode.c.h; path = "UIView+Animations.h"; sourceTree = "<group>"; };
		CA878D51171FA582001E0AE0 /* UIView+Animations.m */ = {isa = PBXFileReference; fileEncoding = 4; lastKnownFileType = sourcecode.c.objc; path = "UIView+Animations.m"; sourceTree = "<group>"; };
		CA878D52171FA582001E0AE0 /* MBAlertView.h */ = {isa = PBXFileReference; fileEncoding = 4; lastKnownFileType = sourcecode.c.h; path = MBAlertView.h; sourceTree = "<group>"; };
		CA878D53171FA582001E0AE0 /* MBAlertView.m */ = {isa = PBXFileReference; fileEncoding = 4; lastKnownFileType = sourcecode.c.objc; path = MBAlertView.m; sourceTree = "<group>"; };
		CA878D54171FA582001E0AE0 /* MBHUDView.h */ = {isa = PBXFileReference; fileEncoding = 4; lastKnownFileType = sourcecode.c.h; path = MBHUDView.h; sourceTree = "<group>"; };
		CA878D55171FA582001E0AE0 /* MBHUDView.m */ = {isa = PBXFileReference; fileEncoding = 4; lastKnownFileType = sourcecode.c.objc; path = MBHUDView.m; sourceTree = "<group>"; };
		CA878D57171FA582001E0AE0 /* MBAlertViewItem.h */ = {isa = PBXFileReference; fileEncoding = 4; lastKnownFileType = sourcecode.c.h; path = MBAlertViewItem.h; sourceTree = "<group>"; };
		CA878D58171FA582001E0AE0 /* MBAlertViewItem.m */ = {isa = PBXFileReference; fileEncoding = 4; lastKnownFileType = sourcecode.c.objc; path = MBAlertViewItem.m; sourceTree = "<group>"; };
		CA878D59171FA582001E0AE0 /* MBAlertViewSubclass.h */ = {isa = PBXFileReference; fileEncoding = 4; lastKnownFileType = sourcecode.c.h; path = MBAlertViewSubclass.h; sourceTree = "<group>"; };
		CA878D5B171FA582001E0AE0 /* AlertViewUI.h */ = {isa = PBXFileReference; fileEncoding = 4; lastKnownFileType = sourcecode.c.h; path = AlertViewUI.h; sourceTree = "<group>"; };
		CA878D5C171FA582001E0AE0 /* MBAlertViewButton.h */ = {isa = PBXFileReference; fileEncoding = 4; lastKnownFileType = sourcecode.c.h; path = MBAlertViewButton.h; sourceTree = "<group>"; };
		CA878D5D171FA582001E0AE0 /* MBAlertViewButton.m */ = {isa = PBXFileReference; fileEncoding = 4; lastKnownFileType = sourcecode.c.objc; path = MBAlertViewButton.m; sourceTree = "<group>"; };
		CA878D5E171FA582001E0AE0 /* MBCheckMarkView.h */ = {isa = PBXFileReference; fileEncoding = 4; lastKnownFileType = sourcecode.c.h; path = MBCheckMarkView.h; sourceTree = "<group>"; };
		CA878D5F171FA582001E0AE0 /* MBCheckMarkView.m */ = {isa = PBXFileReference; fileEncoding = 4; lastKnownFileType = sourcecode.c.objc; path = MBCheckMarkView.m; sourceTree = "<group>"; };
		CA878D60171FA582001E0AE0 /* MBSpinningCircle.h */ = {isa = PBXFileReference; fileEncoding = 4; lastKnownFileType = sourcecode.c.h; path = MBSpinningCircle.h; sourceTree = "<group>"; };
		CA878D61171FA582001E0AE0 /* MBSpinningCircle.m */ = {isa = PBXFileReference; fileEncoding = 4; lastKnownFileType = sourcecode.c.objc; path = MBSpinningCircle.m; sourceTree = "<group>"; };
		CA90F9D217141DB4003F34E8 /* btn_normal.png */ = {isa = PBXFileReference; lastKnownFileType = image.png; path = btn_normal.png; sourceTree = "<group>"; };
		CA90F9D317141DB4003F34E8 /* btn_down.png */ = {isa = PBXFileReference; lastKnownFileType = image.png; path = btn_down.png; sourceTree = "<group>"; };
		CA90FA4617144139003F34E8 /* CMActionSheet.h */ = {isa = PBXFileReference; fileEncoding = 4; lastKnownFileType = sourcecode.c.h; path = CMActionSheet.h; sourceTree = "<group>"; };
		CA90FA4717144139003F34E8 /* CMActionSheet.m */ = {isa = PBXFileReference; fileEncoding = 4; lastKnownFileType = sourcecode.c.objc; path = CMActionSheet.m; sourceTree = "<group>"; };
		CA90FA4817144139003F34E8 /* CMRotatableModalViewController.h */ = {isa = PBXFileReference; fileEncoding = 4; lastKnownFileType = sourcecode.c.h; path = CMRotatableModalViewController.h; sourceTree = "<group>"; };
		CA90FA4917144139003F34E8 /* CMRotatableModalViewController.m */ = {isa = PBXFileReference; fileEncoding = 4; lastKnownFileType = sourcecode.c.objc; path = CMRotatableModalViewController.m; sourceTree = "<group>"; };
		CA90FA4B17144139003F34E8 /* action-blue-button-selected.png */ = {isa = PBXFileReference; lastKnownFileType = image.png; path = "action-blue-button-selected.png"; sourceTree = "<group>"; };
		CA90FA4C17144139003F34E8 /* action-blue-button-selected@2x.png */ = {isa = PBXFileReference; lastKnownFileType = image.png; path = "action-blue-button-selected@2x.png"; sourceTree = "<group>"; };
		CA90FA4D17144139003F34E8 /* action-blue-button.png */ = {isa = PBXFileReference; lastKnownFileType = image.png; path = "action-blue-button.png"; sourceTree = "<group>"; };
		CA90FA4E17144139003F34E8 /* action-blue-button@2x.png */ = {isa = PBXFileReference; lastKnownFileType = image.png; path = "action-blue-button@2x.png"; sourceTree = "<group>"; };
		CA90FA4F17144139003F34E8 /* action-red-button-selected.png */ = {isa = PBXFileReference; lastKnownFileType = image.png; path = "action-red-button-selected.png"; sourceTree = "<group>"; };
		CA90FA5017144139003F34E8 /* action-red-button-selected@2x.png */ = {isa = PBXFileReference; lastKnownFileType = image.png; path = "action-red-button-selected@2x.png"; sourceTree = "<group>"; };
		CA90FA5117144139003F34E8 /* action-red-button.png */ = {isa = PBXFileReference; lastKnownFileType = image.png; path = "action-red-button.png"; sourceTree = "<group>"; };
		CA90FA5217144139003F34E8 /* action-red-button@2x.png */ = {isa = PBXFileReference; lastKnownFileType = image.png; path = "action-red-button@2x.png"; sourceTree = "<group>"; };
		CA90FA5317144139003F34E8 /* action-separator.png */ = {isa = PBXFileReference; lastKnownFileType = image.png; path = "action-separator.png"; sourceTree = "<group>"; };
		CA90FA5417144139003F34E8 /* action-separator@2x.png */ = {isa = PBXFileReference; lastKnownFileType = image.png; path = "action-separator@2x.png"; sourceTree = "<group>"; };
		CA90FA5517144139003F34E8 /* action-sheet-panel.png */ = {isa = PBXFileReference; lastKnownFileType = image.png; path = "action-sheet-panel.png"; sourceTree = "<group>"; };
		CA90FA5617144139003F34E8 /* action-sheet-panel@2x.png */ = {isa = PBXFileReference; lastKnownFileType = image.png; path = "action-sheet-panel@2x.png"; sourceTree = "<group>"; };
		CA90FA5717144139003F34E8 /* action-white-button-selected.png */ = {isa = PBXFileReference; lastKnownFileType = image.png; path = "action-white-button-selected.png"; sourceTree = "<group>"; };
		CA90FA5817144139003F34E8 /* action-white-button-selected@2x.png */ = {isa = PBXFileReference; lastKnownFileType = image.png; path = "action-white-button-selected@2x.png"; sourceTree = "<group>"; };
		CA90FA5917144139003F34E8 /* action-white-button.png */ = {isa = PBXFileReference; lastKnownFileType = image.png; path = "action-white-button.png"; sourceTree = "<group>"; };
		CA90FA5A17144139003F34E8 /* action-white-button@2x.png */ = {isa = PBXFileReference; lastKnownFileType = image.png; path = "action-white-button@2x.png"; sourceTree = "<group>"; };
		CA93F95616FD81D700A1BA03 /* ScanAllRecords.h */ = {isa = PBXFileReference; fileEncoding = 4; lastKnownFileType = sourcecode.c.h; path = ScanAllRecords.h; sourceTree = "<group>"; };
		CA93F95716FD81D700A1BA03 /* ScanAllRecords.m */ = {isa = PBXFileReference; fileEncoding = 4; lastKnownFileType = sourcecode.c.objc; path = ScanAllRecords.m; sourceTree = "<group>"; };
		CA93F95816FD81D700A1BA03 /* ScanAllRecords.xib */ = {isa = PBXFileReference; fileEncoding = 4; lastKnownFileType = file.xib; path = ScanAllRecords.xib; sourceTree = "<group>"; };
		CA949D871713FB7400FCCCF2 /* checkBtn.png */ = {isa = PBXFileReference; lastKnownFileType = image.png; path = checkBtn.png; sourceTree = "<group>"; };
		CA949D881713FB7400FCCCF2 /* deleteBtn.png */ = {isa = PBXFileReference; lastKnownFileType = image.png; path = deleteBtn.png; sourceTree = "<group>"; };
		CA9593EF1716E2FA004C9D31 /* setting.png */ = {isa = PBXFileReference; lastKnownFileType = image.png; path = setting.png; sourceTree = "<group>"; };
		CA9593F51716E30F004C9D31 /* add.png */ = {isa = PBXFileReference; lastKnownFileType = image.png; path = add.png; sourceTree = "<group>"; };
		CA9593F71716E490004C9D31 /* scan.png */ = {isa = PBXFileReference; lastKnownFileType = image.png; path = scan.png; sourceTree = "<group>"; };
		CA9593FD1716EA1D004C9D31 /* Default-Landscape.png */ = {isa = PBXFileReference; lastKnownFileType = image.png; path = "Default-Landscape.png"; sourceTree = "<group>"; };
		CA9593FF1716ECDB004C9D31 /* logo.png */ = {isa = PBXFileReference; lastKnownFileType = image.png; path = logo.png; sourceTree = "<group>"; };
		CA98196E16FAAF1E0031FD44 /* Med.app */ = {isa = PBXFileReference; explicitFileType = wrapper.application; includeInIndex = 0; path = Med.app; sourceTree = BUILT_PRODUCTS_DIR; };
		CA98197116FAAF1E0031FD44 /* UIKit.framework */ = {isa = PBXFileReference; lastKnownFileType = wrapper.framework; name = UIKit.framework; path = System/Library/Frameworks/UIKit.framework; sourceTree = SDKROOT; };
		CA98197316FAAF1E0031FD44 /* Foundation.framework */ = {isa = PBXFileReference; lastKnownFileType = wrapper.framework; name = Foundation.framework; path = System/Library/Frameworks/Foundation.framework; sourceTree = SDKROOT; };
		CA98197516FAAF1E0031FD44 /* CoreGraphics.framework */ = {isa = PBXFileReference; lastKnownFileType = wrapper.framework; name = CoreGraphics.framework; path = System/Library/Frameworks/CoreGraphics.framework; sourceTree = SDKROOT; };
		CA98197916FAAF1E0031FD44 /* Med-Info.plist */ = {isa = PBXFileReference; lastKnownFileType = text.plist.xml; path = "Med-Info.plist"; sourceTree = "<group>"; };
		CA98197B16FAAF1E0031FD44 /* en */ = {isa = PBXFileReference; lastKnownFileType = text.plist.strings; name = en; path = en.lproj/InfoPlist.strings; sourceTree = "<group>"; };
		CA98197D16FAAF1E0031FD44 /* main.m */ = {isa = PBXFileReference; lastKnownFileType = sourcecode.c.objc; path = main.m; sourceTree = "<group>"; };
		CA98197F16FAAF1E0031FD44 /* Med-Prefix.pch */ = {isa = PBXFileReference; lastKnownFileType = sourcecode.c.h; path = "Med-Prefix.pch"; sourceTree = "<group>"; };
		CA98198016FAAF1E0031FD44 /* AppDelegate.h */ = {isa = PBXFileReference; lastKnownFileType = sourcecode.c.h; path = AppDelegate.h; sourceTree = "<group>"; };
		CA98198116FAAF1E0031FD44 /* AppDelegate.m */ = {isa = PBXFileReference; lastKnownFileType = sourcecode.c.objc; path = AppDelegate.m; sourceTree = "<group>"; };
		CA98198316FAAF1E0031FD44 /* Default.png */ = {isa = PBXFileReference; lastKnownFileType = image.png; path = Default.png; sourceTree = "<group>"; };
		CA98198516FAAF1E0031FD44 /* Default@2x.png */ = {isa = PBXFileReference; lastKnownFileType = image.png; path = "Default@2x.png"; sourceTree = "<group>"; };
		CA98198716FAAF1E0031FD44 /* Default-568h@2x.png */ = {isa = PBXFileReference; lastKnownFileType = image.png; path = "Default-568h@2x.png"; sourceTree = "<group>"; };
		CA98199616FAAF6B0031FD44 /* arraw.png */ = {isa = PBXFileReference; lastKnownFileType = image.png; path = arraw.png; sourceTree = "<group>"; };
		CA98199716FAAF6B0031FD44 /* button_icon_close.png */ = {isa = PBXFileReference; lastKnownFileType = image.png; path = button_icon_close.png; sourceTree = "<group>"; };
		CA98199816FAAF6B0031FD44 /* button_icon_close@2x.png */ = {isa = PBXFileReference; lastKnownFileType = image.png; path = "button_icon_close@2x.png"; sourceTree = "<group>"; };
		CA98199B16FAAF6B0031FD44 /* bg0.png */ = {isa = PBXFileReference; lastKnownFileType = image.png; path = bg0.png; sourceTree = "<group>"; };
		CA9819A116FAAF6B0031FD44 /* ipad_tab_cell_selected.png */ = {isa = PBXFileReference; lastKnownFileType = image.png; path = ipad_tab_cell_selected.png; sourceTree = "<group>"; };
		CA9819A216FAAF6B0031FD44 /* ipad_tab_cell_separator_vertical.png */ = {isa = PBXFileReference; lastKnownFileType = image.png; path = ipad_tab_cell_separator_vertical.png; sourceTree = "<group>"; };
		CA9819A316FAAF6B0031FD44 /* ipad_tab_cell_separator.png */ = {isa = PBXFileReference; lastKnownFileType = image.png; path = ipad_tab_cell_separator.png; sourceTree = "<group>"; };
		CA9819A616FAAF6B0031FD44 /* nav_bg.png */ = {isa = PBXFileReference; lastKnownFileType = image.png; path = nav_bg.png; sourceTree = "<group>"; };
		CA9819AA16FAAF6B0031FD44 /* ok.png */ = {isa = PBXFileReference; lastKnownFileType = image.png; path = ok.png; sourceTree = "<group>"; };
		CA9819AB16FAAF6B0031FD44 /* reduce.png */ = {isa = PBXFileReference; lastKnownFileType = image.png; path = reduce.png; sourceTree = "<group>"; };
		CA9819AC16FAAF6B0031FD44 /* refresh.png */ = {isa = PBXFileReference; lastKnownFileType = image.png; path = refresh.png; sourceTree = "<group>"; };
		CA9819C416FAAF7B0031FD44 /* DownAccessory.png */ = {isa = PBXFileReference; lastKnownFileType = image.png; path = DownAccessory.png; sourceTree = "<group>"; };
		CA9819C516FAAF7B0031FD44 /* DownAccessory@2x.png */ = {isa = PBXFileReference; lastKnownFileType = image.png; path = "DownAccessory@2x.png"; sourceTree = "<group>"; };
		CA9819C616FAAF7B0031FD44 /* UpAccessory.png */ = {isa = PBXFileReference; lastKnownFileType = image.png; path = UpAccessory.png; sourceTree = "<group>"; };
		CA9819C716FAAF7B0031FD44 /* UpAccessory@2x.png */ = {isa = PBXFileReference; lastKnownFileType = image.png; path = "UpAccessory@2x.png"; sourceTree = "<group>"; };
		CA9819CD16FAAF860031FD44 /* Icon-72.png */ = {isa = PBXFileReference; lastKnownFileType = image.png; path = "Icon-72.png"; sourceTree = "<group>"; };
		CA9819CE16FAAF860031FD44 /* Icon-72@2x.png */ = {isa = PBXFileReference; lastKnownFileType = image.png; path = "Icon-72@2x.png"; sourceTree = "<group>"; };
		CA9819CF16FAAF860031FD44 /* Icon-Small-50.png */ = {isa = PBXFileReference; lastKnownFileType = image.png; path = "Icon-Small-50.png"; sourceTree = "<group>"; };
		CA9819D016FAAF860031FD44 /* Icon-Small-50@2x.png */ = {isa = PBXFileReference; lastKnownFileType = image.png; path = "Icon-Small-50@2x.png"; sourceTree = "<group>"; };
		CA9819D116FAAF860031FD44 /* Icon-Small.png */ = {isa = PBXFileReference; lastKnownFileType = image.png; path = "Icon-Small.png"; sourceTree = "<group>"; };
		CA9819D216FAAF860031FD44 /* Icon-Small@2x.png */ = {isa = PBXFileReference; lastKnownFileType = image.png; path = "Icon-Small@2x.png"; sourceTree = "<group>"; };
		CA9819D316FAAF860031FD44 /* Icon.png */ = {isa = PBXFileReference; lastKnownFileType = image.png; path = Icon.png; sourceTree = "<group>"; };
		CA9819D416FAAF860031FD44 /* Icon@2x.png */ = {isa = PBXFileReference; lastKnownFileType = image.png; path = "Icon@2x.png"; sourceTree = "<group>"; };
		CA9819D516FAAF860031FD44 /* iTunesArtwork.png */ = {isa = PBXFileReference; lastKnownFileType = image.png; path = iTunesArtwork.png; sourceTree = "<group>"; };
		CA9819D616FAAF860031FD44 /* iTunesArtwork@2x.png */ = {isa = PBXFileReference; lastKnownFileType = image.png; path = "iTunesArtwork@2x.png"; sourceTree = "<group>"; };
		CA9819E216FAAF8F0031FD44 /* FMDatabase.h */ = {isa = PBXFileReference; fileEncoding = 4; lastKnownFileType = sourcecode.c.h; path = FMDatabase.h; sourceTree = "<group>"; };
		CA9819E316FAAF8F0031FD44 /* FMDatabase.m */ = {isa = PBXFileReference; fileEncoding = 4; lastKnownFileType = sourcecode.c.objc; path = FMDatabase.m; sourceTree = "<group>"; };
		CA9819E416FAAF8F0031FD44 /* FMDatabaseAdditions.h */ = {isa = PBXFileReference; fileEncoding = 4; lastKnownFileType = sourcecode.c.h; path = FMDatabaseAdditions.h; sourceTree = "<group>"; };
		CA9819E516FAAF8F0031FD44 /* FMDatabaseAdditions.m */ = {isa = PBXFileReference; fileEncoding = 4; lastKnownFileType = sourcecode.c.objc; path = FMDatabaseAdditions.m; sourceTree = "<group>"; };
		CA9819E616FAAF8F0031FD44 /* FMDatabasePool.h */ = {isa = PBXFileReference; fileEncoding = 4; lastKnownFileType = sourcecode.c.h; path = FMDatabasePool.h; sourceTree = "<group>"; };
		CA9819E716FAAF8F0031FD44 /* FMDatabasePool.m */ = {isa = PBXFileReference; fileEncoding = 4; lastKnownFileType = sourcecode.c.objc; path = FMDatabasePool.m; sourceTree = "<group>"; };
		CA9819E816FAAF8F0031FD44 /* FMDatabaseQueue.h */ = {isa = PBXFileReference; fileEncoding = 4; lastKnownFileType = sourcecode.c.h; path = FMDatabaseQueue.h; sourceTree = "<group>"; };
		CA9819E916FAAF8F0031FD44 /* FMDatabaseQueue.m */ = {isa = PBXFileReference; fileEncoding = 4; lastKnownFileType = sourcecode.c.objc; path = FMDatabaseQueue.m; sourceTree = "<group>"; };
		CA9819EA16FAAF8F0031FD44 /* FMResultSet.h */ = {isa = PBXFileReference; fileEncoding = 4; lastKnownFileType = sourcecode.c.h; path = FMResultSet.h; sourceTree = "<group>"; };
		CA9819EB16FAAF8F0031FD44 /* FMResultSet.m */ = {isa = PBXFileReference; fileEncoding = 4; lastKnownFileType = sourcecode.c.objc; path = FMResultSet.m; sourceTree = "<group>"; };
		CA9819F116FAAF9C0031FD44 /* libsqlite3.dylib */ = {isa = PBXFileReference; lastKnownFileType = "compiled.mach-o.dylib"; name = libsqlite3.dylib; path = usr/lib/libsqlite3.dylib; sourceTree = SDKROOT; };
		CA9819F316FAAFB80031FD44 /* menu.plist */ = {isa = PBXFileReference; fileEncoding = 4; lastKnownFileType = text.plist.xml; path = menu.plist; sourceTree = "<group>"; };
		CA9819F616FAB0370031FD44 /* RootViewController.h */ = {isa = PBXFileReference; fileEncoding = 4; lastKnownFileType = sourcecode.c.h; path = RootViewController.h; sourceTree = "<group>"; };
		CA9819F716FAB0370031FD44 /* RootViewController.m */ = {isa = PBXFileReference; fileEncoding = 4; lastKnownFileType = sourcecode.c.objc; path = RootViewController.m; sourceTree = "<group>"; };
		CA9819F916FAB05F0031FD44 /* DataViewController.h */ = {isa = PBXFileReference; fileEncoding = 4; lastKnownFileType = sourcecode.c.h; path = DataViewController.h; sourceTree = "<group>"; };
		CA9819FA16FAB05F0031FD44 /* DataViewController.m */ = {isa = PBXFileReference; fileEncoding = 4; lastKnownFileType = sourcecode.c.objc; path = DataViewController.m; sourceTree = "<group>"; };
		CA9819FB16FAB05F0031FD44 /* MenuController.h */ = {isa = PBXFileReference; fileEncoding = 4; lastKnownFileType = sourcecode.c.h; path = MenuController.h; sourceTree = "<group>"; };
		CA9819FC16FAB05F0031FD44 /* MenuController.m */ = {isa = PBXFileReference; fileEncoding = 4; lastKnownFileType = sourcecode.c.objc; path = MenuController.m; sourceTree = "<group>"; };
		CA9819FD16FAB05F0031FD44 /* StackScrollViewController.h */ = {isa = PBXFileReference; fileEncoding = 4; lastKnownFileType = sourcecode.c.h; path = StackScrollViewController.h; sourceTree = "<group>"; };
		CA9819FE16FAB05F0031FD44 /* StackScrollViewController.m */ = {isa = PBXFileReference; fileEncoding = 4; lastKnownFileType = sourcecode.c.objc; path = StackScrollViewController.m; sourceTree = "<group>"; };
		CA981A0316FAB0930031FD44 /* UIViewWithShadow.h */ = {isa = PBXFileReference; fileEncoding = 4; lastKnownFileType = sourcecode.c.h; path = UIViewWithShadow.h; sourceTree = "<group>"; };
		CA981A0416FAB0930031FD44 /* UIViewWithShadow.m */ = {isa = PBXFileReference; fileEncoding = 4; lastKnownFileType = sourcecode.c.objc; path = UIViewWithShadow.m; sourceTree = "<group>"; };
		CA981A0716FAB0AA0031FD44 /* Cell1.h */ = {isa = PBXFileReference; fileEncoding = 4; lastKnownFileType = sourcecode.c.h; path = Cell1.h; sourceTree = "<group>"; };
		CA981A0816FAB0AA0031FD44 /* Cell1.m */ = {isa = PBXFileReference; fileEncoding = 4; lastKnownFileType = sourcecode.c.objc; path = Cell1.m; sourceTree = "<group>"; };
		CA981A0916FAB0AA0031FD44 /* Cell1.xib */ = {isa = PBXFileReference; fileEncoding = 4; lastKnownFileType = file.xib; path = Cell1.xib; sourceTree = "<group>"; };
		CA981A0A16FAB0AA0031FD44 /* Cell2.h */ = {isa = PBXFileReference; fileEncoding = 4; lastKnownFileType = sourcecode.c.h; path = Cell2.h; sourceTree = "<group>"; };
		CA981A0B16FAB0AA0031FD44 /* Cell2.m */ = {isa = PBXFileReference; fileEncoding = 4; lastKnownFileType = sourcecode.c.objc; path = Cell2.m; sourceTree = "<group>"; };
		CA981A0C16FAB0AA0031FD44 /* Cell2.xib */ = {isa = PBXFileReference; fileEncoding = 4; lastKnownFileType = file.xib; path = Cell2.xib; sourceTree = "<group>"; };
		CA981A1216FAB0C90031FD44 /* GCDiscreetNotificationView.h */ = {isa = PBXFileReference; fileEncoding = 4; lastKnownFileType = sourcecode.c.h; path = GCDiscreetNotificationView.h; sourceTree = "<group>"; };
		CA981A1316FAB0C90031FD44 /* GCDiscreetNotificationView.m */ = {isa = PBXFileReference; fileEncoding = 4; lastKnownFileType = sourcecode.c.objc; path = GCDiscreetNotificationView.m; sourceTree = "<group>"; };
		CA981A1616FAB0E60031FD44 /* BingQu.h */ = {isa = PBXFileReference; fileEncoding = 4; lastKnownFileType = sourcecode.c.h; path = BingQu.h; sourceTree = "<group>"; };
		CA981A1716FAB0E60031FD44 /* BingQu.m */ = {isa = PBXFileReference; fileEncoding = 4; lastKnownFileType = sourcecode.c.objc; path = BingQu.m; sourceTree = "<group>"; };
		CA981A1816FAB0E60031FD44 /* Config.h */ = {isa = PBXFileReference; fileEncoding = 4; lastKnownFileType = sourcecode.c.h; path = Config.h; sourceTree = "<group>"; };
		CA981A1916FAB0E60031FD44 /* dataBaseManager.h */ = {isa = PBXFileReference; fileEncoding = 4; lastKnownFileType = sourcecode.c.h; path = dataBaseManager.h; sourceTree = "<group>"; };
		CA981A1A16FAB0E60031FD44 /* dataBaseManager.m */ = {isa = PBXFileReference; fileEncoding = 4; lastKnownFileType = sourcecode.c.objc; path = dataBaseManager.m; sourceTree = "<group>"; };
		CA981A1B16FAB0E60031FD44 /* Medicine.h */ = {isa = PBXFileReference; fileEncoding = 4; lastKnownFileType = sourcecode.c.h; path = Medicine.h; sourceTree = "<group>"; };
		CA981A1C16FAB0E60031FD44 /* Medicine.m */ = {isa = PBXFileReference; fileEncoding = 4; lastKnownFileType = sourcecode.c.objc; path = Medicine.m; sourceTree = "<group>"; };
		CA981A1F16FAB0E60031FD44 /* Record.h */ = {isa = PBXFileReference; fileEncoding = 4; lastKnownFileType = sourcecode.c.h; path = Record.h; sourceTree = "<group>"; };
		CA981A2016FAB0E60031FD44 /* Record.m */ = {isa = PBXFileReference; fileEncoding = 4; lastKnownFileType = sourcecode.c.objc; path = Record.m; sourceTree = "<group>"; };
		CA981A2816FAB1200031FD44 /* NewMedicine.h */ = {isa = PBXFileReference; fileEncoding = 4; lastKnownFileType = sourcecode.c.h; path = NewMedicine.h; sourceTree = "<group>"; };
		CA981A2916FAB1200031FD44 /* NewMedicine.m */ = {isa = PBXFileReference; fileEncoding = 4; lastKnownFileType = sourcecode.c.objc; path = NewMedicine.m; sourceTree = "<group>"; };
		CA981A2A16FAB1200031FD44 /* NewMedicine.xib */ = {isa = PBXFileReference; fileEncoding = 4; lastKnownFileType = file.xib; path = NewMedicine.xib; sourceTree = "<group>"; };
		CA981A3416FAB14B0031FD44 /* NewRecord.h */ = {isa = PBXFileReference; fileEncoding = 4; lastKnownFileType = sourcecode.c.h; path = NewRecord.h; sourceTree = "<group>"; };
		CA981A3516FAB14B0031FD44 /* NewRecord.m */ = {isa = PBXFileReference; fileEncoding = 4; lastKnownFileType = sourcecode.c.objc; path = NewRecord.m; sourceTree = "<group>"; };
		CA981A3616FAB14B0031FD44 /* NewRecord.xib */ = {isa = PBXFileReference; fileEncoding = 4; lastKnownFileType = file.xib; path = NewRecord.xib; sourceTree = "<group>"; };
		CA981A3916FAB15C0031FD44 /* SelectBQ.h */ = {isa = PBXFileReference; fileEncoding = 4; lastKnownFileType = sourcecode.c.h; path = SelectBQ.h; sourceTree = "<group>"; };
		CA981A3A16FAB15C0031FD44 /* SelectBQ.m */ = {isa = PBXFileReference; fileEncoding = 4; lastKnownFileType = sourcecode.c.objc; path = SelectBQ.m; sourceTree = "<group>"; };
		CA981A3B16FAB15C0031FD44 /* SelectBQ.xib */ = {isa = PBXFileReference; fileEncoding = 4; lastKnownFileType = file.xib; path = SelectBQ.xib; sourceTree = "<group>"; };
		CA981A3E16FAB1710031FD44 /* InputNewRecord.h */ = {isa = PBXFileReference; fileEncoding = 4; lastKnownFileType = sourcecode.c.h; path = InputNewRecord.h; sourceTree = "<group>"; };
		CA981A3F16FAB1710031FD44 /* InputNewRecord.m */ = {isa = PBXFileReference; fileEncoding = 4; lastKnownFileType = sourcecode.c.objc; path = InputNewRecord.m; sourceTree = "<group>"; };
		CA981A4016FAB1710031FD44 /* InputNewRecord.xib */ = {isa = PBXFileReference; fileEncoding = 4; lastKnownFileType = file.xib; path = InputNewRecord.xib; sourceTree = "<group>"; };
		CA981A4116FAB1710031FD44 /* MedInfoCell.h */ = {isa = PBXFileReference; fileEncoding = 4; lastKnownFileType = sourcecode.c.h; path = MedInfoCell.h; sourceTree = "<group>"; };
		CA981A4216FAB1710031FD44 /* MedInfoCell.m */ = {isa = PBXFileReference; fileEncoding = 4; lastKnownFileType = sourcecode.c.objc; path = MedInfoCell.m; sourceTree = "<group>"; };
		CA981A4316FAB1710031FD44 /* MedInfoCell.xib */ = {isa = PBXFileReference; fileEncoding = 4; lastKnownFileType = file.xib; path = MedInfoCell.xib; sourceTree = "<group>"; };
		CA981A4816FAB22F0031FD44 /* QuartzCore.framework */ = {isa = PBXFileReference; lastKnownFileType = wrapper.framework; name = QuartzCore.framework; path = System/Library/Frameworks/QuartzCore.framework; sourceTree = SDKROOT; };
		CA981A4A16FAB5100031FD44 /* MainWindow.xib */ = {isa = PBXFileReference; fileEncoding = 4; lastKnownFileType = file.xib; path = MainWindow.xib; sourceTree = "<group>"; };
		CA981A4D16FACA1B0031FD44 /* Default-Portrait.png */ = {isa = PBXFileReference; lastKnownFileType = image.png; path = "Default-Portrait.png"; sourceTree = "<group>"; };
		CA981A5016FACEA70031FD44 /* NewBingQu.h */ = {isa = PBXFileReference; fileEncoding = 4; lastKnownFileType = sourcecode.c.h; path = NewBingQu.h; sourceTree = "<group>"; };
		CA981A5116FACEA70031FD44 /* NewBingQu.m */ = {isa = PBXFileReference; fileEncoding = 4; lastKnownFileType = sourcecode.c.objc; path = NewBingQu.m; sourceTree = "<group>"; };
		CA981A5216FACEA70031FD44 /* NewBingQu.xib */ = {isa = PBXFileReference; fileEncoding = 4; lastKnownFileType = file.xib; path = NewBingQu.xib; sourceTree = "<group>"; };
		CA981A5616FAE28D0031FD44 /* ScanAllMedInfo.h */ = {isa = PBXFileReference; fileEncoding = 4; lastKnownFileType = sourcecode.c.h; path = ScanAllMedInfo.h; sourceTree = "<group>"; };
		CA981A5716FAE28D0031FD44 /* ScanAllMedInfo.m */ = {isa = PBXFileReference; fileEncoding = 4; lastKnownFileType = sourcecode.c.objc; path = ScanAllMedInfo.m; sourceTree = "<group>"; };
		CA981A5816FAE28D0031FD44 /* ScanAllMedInfo.xib */ = {isa = PBXFileReference; fileEncoding = 4; lastKnownFileType = file.xib; path = ScanAllMedInfo.xib; sourceTree = "<group>"; };
		CA981A6516FAE3DC0031FD44 /* ipad_top_bg_noshadow.png */ = {isa = PBXFileReference; lastKnownFileType = image.png; path = ipad_top_bg_noshadow.png; sourceTree = "<group>"; };
		CA981A6616FAE3DC0031FD44 /* ipad_top_bg.png */ = {isa = PBXFileReference; lastKnownFileType = image.png; path = ipad_top_bg.png; sourceTree = "<group>"; };
		CA981A6716FAE3DC0031FD44 /* ipad_top_bg2_noshadow.png */ = {isa = PBXFileReference; lastKnownFileType = image.png; path = ipad_top_bg2_noshadow.png; sourceTree = "<group>"; };
		CA981A6816FAE3DC0031FD44 /* ipad_top_bg2.png */ = {isa = PBXFileReference; lastKnownFileType = image.png; path = ipad_top_bg2.png; sourceTree = "<group>"; };
		CAA627FB1720E8AD00D4FEA3 /* QBFlatButton.h */ = {isa = PBXFileReference; fileEncoding = 4; lastKnownFileType = sourcecode.c.h; path = QBFlatButton.h; sourceTree = "<group>"; };
		CAA627FC1720E8AD00D4FEA3 /* QBFlatButton.m */ = {isa = PBXFileReference; fileEncoding = 4; lastKnownFileType = sourcecode.c.objc; path = QBFlatButton.m; sourceTree = "<group>"; };
		CAA627FE1720E95F00D4FEA3 /* font.ttf */ = {isa = PBXFileReference; lastKnownFileType = file; path = font.ttf; sourceTree = "<group>"; };
		CAA752451715941A00EF9B56 /* WCAlertView.h */ = {isa = PBXFileReference; fileEncoding = 4; lastKnownFileType = sourcecode.c.h; path = WCAlertView.h; sourceTree = "<group>"; };
		CAA752461715941A00EF9B56 /* WCAlertView.m */ = {isa = PBXFileReference; fileEncoding = 4; lastKnownFileType = sourcecode.c.objc; path = WCAlertView.m; sourceTree = "<group>"; };
		CAB8F54316FEC83C0004FB04 /* RecordDetail.h */ = {isa = PBXFileReference; fileEncoding = 4; lastKnownFileType = sourcecode.c.h; path = RecordDetail.h; sourceTree = "<group>"; };
		CAB8F54416FEC83C0004FB04 /* RecordDetail.m */ = {isa = PBXFileReference; fileEncoding = 4; lastKnownFileType = sourcecode.c.objc; path = RecordDetail.m; sourceTree = "<group>"; };
		CAB9B602172268E60032D1C5 /* Title.png */ = {isa = PBXFileReference; lastKnownFileType = image.png; path = Title.png; sourceTree = "<group>"; };
		CAB9B603172268E60032D1C5 /* Title@2x.png */ = {isa = PBXFileReference; lastKnownFileType = image.png; path = "Title@2x.png"; sourceTree = "<group>"; };
		CABBA80417018338009BFB35 /* ExportTable.h */ = {isa = PBXFileReference; fileEncoding = 4; lastKnownFileType = sourcecode.c.h; path = ExportTable.h; sourceTree = "<group>"; };
		CABBA80517018338009BFB35 /* ExportTable.m */ = {isa = PBXFileReference; fileEncoding = 4; lastKnownFileType = sourcecode.c.objc; path = ExportTable.m; sourceTree = "<group>"; };
		CABBA80617018338009BFB35 /* ExportTable.xib */ = {isa = PBXFileReference; fileEncoding = 4; lastKnownFileType = file.xib; path = ExportTable.xib; sourceTree = "<group>"; };
		CAD38C101724DBB60052324F /* UIView+customBackground.h */ = {isa = PBXFileReference; fileEncoding = 4; lastKnownFileType = sourcecode.c.h; path = "UIView+customBackground.h"; sourceTree = "<group>"; };
		CAD38C111724DBB60052324F /* UIView+customBackground.m */ = {isa = PBXFileReference; fileEncoding = 4; lastKnownFileType = sourcecode.c.objc; path = "UIView+customBackground.m"; sourceTree = "<group>"; };
		CAE68245171664D20059B9F5 /* bg2.png */ = {isa = PBXFileReference; lastKnownFileType = image.png; path = bg2.png; sourceTree = "<group>"; };
		CAE68248171666EA0059B9F5 /* bg1.png */ = {isa = PBXFileReference; lastKnownFileType = image.png; path = bg1.png; sourceTree = "<group>"; };
		CAE6824B171666EA0059B9F5 /* bg12.png */ = {isa = PBXFileReference; lastKnownFileType = image.png; path = bg12.png; sourceTree = "<group>"; };
		CAE6824C171666EA0059B9F5 /* bg13.png */ = {isa = PBXFileReference; lastKnownFileType = image.png; path = bg13.png; sourceTree = "<group>"; };
		CAE6824E171666EA0059B9F5 /* bg15.png */ = {isa = PBXFileReference; lastKnownFileType = image.png; path = bg15.png; sourceTree = "<group>"; };
		CAE6824F171666EA0059B9F5 /* bg16.png */ = {isa = PBXFileReference; lastKnownFileType = image.png; path = bg16.png; sourceTree = "<group>"; };
		CAE68250171666EA0059B9F5 /* bg17.png */ = {isa = PBXFileReference; lastKnownFileType = image.png; path = bg17.png; sourceTree = "<group>"; };
		CAE68251171666EA0059B9F5 /* bg18.png */ = {isa = PBXFileReference; lastKnownFileType = image.png; path = bg18.png; sourceTree = "<group>"; };
		CAE68252171666EA0059B9F5 /* bg19.png */ = {isa = PBXFileReference; lastKnownFileType = image.png; path = bg19.png; sourceTree = "<group>"; };
		CAE68253171666EA0059B9F5 /* bg2.png */ = {isa = PBXFileReference; lastKnownFileType = image.png; path = bg2.png; sourceTree = "<group>"; };
		CAE68254171666EA0059B9F5 /* bg10.png */ = {isa = PBXFileReference; lastKnownFileType = image.png; path = bg10.png; sourceTree = "<group>"; };
		CAE68256171666EA0059B9F5 /* bg4.png */ = {isa = PBXFileReference; lastKnownFileType = image.png; path = bg4.png; sourceTree = "<group>"; };
		CAE68257171666EA0059B9F5 /* bg5.png */ = {isa = PBXFileReference; lastKnownFileType = image.png; path = bg5.png; sourceTree = "<group>"; };
		CAE68258171666EA0059B9F5 /* bg6.png */ = {isa = PBXFileReference; lastKnownFileType = image.png; path = bg6.png; sourceTree = "<group>"; };
		CAE68259171666EA0059B9F5 /* bg7.png */ = {isa = PBXFileReference; lastKnownFileType = image.png; path = bg7.png; sourceTree = "<group>"; };
		CAE6825A171666EA0059B9F5 /* bg8.png */ = {isa = PBXFileReference; lastKnownFileType = image.png; path = bg8.png; sourceTree = "<group>"; };
		CAE6825B171666EA0059B9F5 /* bg9.png */ = {isa = PBXFileReference; lastKnownFileType = image.png; path = bg9.png; sourceTree = "<group>"; };
		CAE68270171669820059B9F5 /* bg3.png */ = {isa = PBXFileReference; lastKnownFileType = image.png; path = bg3.png; sourceTree = "<group>"; };
		CAE6827217166AB00059B9F5 /* bg11.png */ = {isa = PBXFileReference; lastKnownFileType = image.png; path = bg11.png; sourceTree = "<group>"; };
		CAE6827417166B1A0059B9F5 /* bg14.png */ = {isa = PBXFileReference; lastKnownFileType = image.png; path = bg14.png; sourceTree = "<group>"; };
		CAE7F32F1707D18E00D731D3 /* Help.h */ = {isa = PBXFileReference; fileEncoding = 4; lastKnownFileType = sourcecode.c.h; path = Help.h; sourceTree = "<group>"; };
		CAE7F3301707D18E00D731D3 /* Help.m */ = {isa = PBXFileReference; fileEncoding = 4; lastKnownFileType = sourcecode.c.objc; path = Help.m; sourceTree = "<group>"; };
/* End PBXFileReference section */

/* Begin PBXFrameworksBuildPhase section */
		CA98196B16FAAF1E0031FD44 /* Frameworks */ = {
			isa = PBXFrameworksBuildPhase;
			buildActionMask = 2147483647;
			files = (
				CA981A4916FAB22F0031FD44 /* QuartzCore.framework in Frameworks */,
				CA9819F216FAAF9C0031FD44 /* libsqlite3.dylib in Frameworks */,
				CA98197216FAAF1E0031FD44 /* UIKit.framework in Frameworks */,
				CA98197416FAAF1E0031FD44 /* Foundation.framework in Frameworks */,
				CA98197616FAAF1E0031FD44 /* CoreGraphics.framework in Frameworks */,
			);
			runOnlyForDeploymentPostprocessing = 0;
		};
/* End PBXFrameworksBuildPhase section */

/* Begin PBXGroup section */
		CA4494421708242900A05F8D /* MBProgressHUD */ = {
			isa = PBXGroup;
			children = (
				CA4494431708243A00A05F8D /* MBProgressHUD.h */,
				CA4494441708243A00A05F8D /* MBProgressHUD.m */,
			);
			name = MBProgressHUD;
			sourceTree = "<group>";
		};
		CA4DE64517203167005F7A01 /* MNMToast */ = {
			isa = PBXGroup;
			children = (
				CA4DE64617203167005F7A01 /* MNMToast.h */,
				CA4DE64717203167005F7A01 /* MNMToast.m */,
				CA4DE64817203167005F7A01 /* MNMToastConstants.h */,
				CA4DE64917203167005F7A01 /* MNMToastConstants.m */,
				CA4DE64A17203167005F7A01 /* MNMToastValue.h */,
				CA4DE64B17203167005F7A01 /* MNMToastValue.m */,
				CA4DE64C17203167005F7A01 /* MNMToastView.h */,
				CA4DE64D17203167005F7A01 /* MNMToastView.m */,
			);
			path = MNMToast;
			sourceTree = "<group>";
		};
		CA878D4A171FA582001E0AE0 /* MBAlertView */ = {
			isa = PBXGroup;
			children = (
				CA878D4B171FA582001E0AE0 /* Categories */,
				CA878D52171FA582001E0AE0 /* MBAlertView.h */,
				CA878D53171FA582001E0AE0 /* MBAlertView.m */,
				CA878D54171FA582001E0AE0 /* MBHUDView.h */,
				CA878D55171FA582001E0AE0 /* MBHUDView.m */,
				CA878D56171FA582001E0AE0 /* Protected */,
				CA878D5A171FA582001E0AE0 /* Views */,
			);
			path = MBAlertView;
			sourceTree = "<group>";
		};
		CA878D4B171FA582001E0AE0 /* Categories */ = {
			isa = PBXGroup;
			children = (
				CA878D4C171FA582001E0AE0 /* NSString+Trim.h */,
				CA878D4D171FA582001E0AE0 /* NSString+Trim.m */,
				CA878D4E171FA582001E0AE0 /* UIFont+Alert.h */,
				CA878D4F171FA582001E0AE0 /* UIFont+Alert.m */,
				CA878D50171FA582001E0AE0 /* UIView+Animations.h */,
				CA878D51171FA582001E0AE0 /* UIView+Animations.m */,
			);
			path = Categories;
			sourceTree = "<group>";
		};
		CA878D56171FA582001E0AE0 /* Protected */ = {
			isa = PBXGroup;
			children = (
				CA878D57171FA582001E0AE0 /* MBAlertViewItem.h */,
				CA878D58171FA582001E0AE0 /* MBAlertViewItem.m */,
				CA878D59171FA582001E0AE0 /* MBAlertViewSubclass.h */,
			);
			path = Protected;
			sourceTree = "<group>";
		};
		CA878D5A171FA582001E0AE0 /* Views */ = {
			isa = PBXGroup;
			children = (
				CA878D5B171FA582001E0AE0 /* AlertViewUI.h */,
				CA878D5C171FA582001E0AE0 /* MBAlertViewButton.h */,
				CA878D5D171FA582001E0AE0 /* MBAlertViewButton.m */,
				CA878D5E171FA582001E0AE0 /* MBCheckMarkView.h */,
				CA878D5F171FA582001E0AE0 /* MBCheckMarkView.m */,
				CA878D60171FA582001E0AE0 /* MBSpinningCircle.h */,
				CA878D61171FA582001E0AE0 /* MBSpinningCircle.m */,
			);
			path = Views;
			sourceTree = "<group>";
		};
		CA90F9D617143891003F34E8 /* CHCSVWriter */ = {
			isa = PBXGroup;
			children = (
				CA3D25D3170AA835003DD461 /* CHCSVWriter.h */,
				CA3D25D4170AA835003DD461 /* CHCSVWriter.m */,
			);
			name = CHCSVWriter;
			sourceTree = "<group>";
		};
		CA90FA4517144139003F34E8 /* CMActionSheet */ = {
			isa = PBXGroup;
			children = (
				CA90FA4617144139003F34E8 /* CMActionSheet.h */,
				CA90FA4717144139003F34E8 /* CMActionSheet.m */,
				CA90FA4817144139003F34E8 /* CMRotatableModalViewController.h */,
				CA90FA4917144139003F34E8 /* CMRotatableModalViewController.m */,
				CA90FA4A17144139003F34E8 /* Images */,
			);
			path = CMActionSheet;
			sourceTree = "<group>";
		};
		CA90FA4A17144139003F34E8 /* Images */ = {
			isa = PBXGroup;
			children = (
				CA90FA4B17144139003F34E8 /* action-blue-button-selected.png */,
				CA90FA4C17144139003F34E8 /* action-blue-button-selected@2x.png */,
				CA90FA4D17144139003F34E8 /* action-blue-button.png */,
				CA90FA4E17144139003F34E8 /* action-blue-button@2x.png */,
				CA90FA4F17144139003F34E8 /* action-red-button-selected.png */,
				CA90FA5017144139003F34E8 /* action-red-button-selected@2x.png */,
				CA90FA5117144139003F34E8 /* action-red-button.png */,
				CA90FA5217144139003F34E8 /* action-red-button@2x.png */,
				CA90FA5317144139003F34E8 /* action-separator.png */,
				CA90FA5417144139003F34E8 /* action-separator@2x.png */,
				CA90FA5517144139003F34E8 /* action-sheet-panel.png */,
				CA90FA5617144139003F34E8 /* action-sheet-panel@2x.png */,
				CA90FA5717144139003F34E8 /* action-white-button-selected.png */,
				CA90FA5817144139003F34E8 /* action-white-button-selected@2x.png */,
				CA90FA5917144139003F34E8 /* action-white-button.png */,
				CA90FA5A17144139003F34E8 /* action-white-button@2x.png */,
			);
			path = Images;
			sourceTree = "<group>";
		};
		CA9593EE1716E2E4004C9D31 /* MenuIcon */ = {
			isa = PBXGroup;
			children = (
				CA9593F71716E490004C9D31 /* scan.png */,
				CA9593F51716E30F004C9D31 /* add.png */,
				CA9593EF1716E2FA004C9D31 /* setting.png */,
			);
			name = MenuIcon;
			sourceTree = "<group>";
		};
		CA98196516FAAF1E0031FD44 = {
			isa = PBXGroup;
			children = (
				CA98197716FAAF1E0031FD44 /* Med */,
				CA98197016FAAF1E0031FD44 /* Frameworks */,
				CA98196F16FAAF1E0031FD44 /* Products */,
			);
			sourceTree = "<group>";
		};
		CA98196F16FAAF1E0031FD44 /* Products */ = {
			isa = PBXGroup;
			children = (
				CA98196E16FAAF1E0031FD44 /* Med.app */,
			);
			name = Products;
			sourceTree = "<group>";
		};
		CA98197016FAAF1E0031FD44 /* Frameworks */ = {
			isa = PBXGroup;
			children = (
				CA981A4816FAB22F0031FD44 /* QuartzCore.framework */,
				CA9819F116FAAF9C0031FD44 /* libsqlite3.dylib */,
				CA9819E116FAAF8F0031FD44 /* fmdb */,
				CA98197116FAAF1E0031FD44 /* UIKit.framework */,
				CA98197316FAAF1E0031FD44 /* Foundation.framework */,
				CA98197516FAAF1E0031FD44 /* CoreGraphics.framework */,
			);
			name = Frameworks;
			sourceTree = "<group>";
		};
		CA98197716FAAF1E0031FD44 /* Med */ = {
			isa = PBXGroup;
			children = (
				CA9819F516FAB0110031FD44 /* MainClass */,
				CA98197816FAAF1E0031FD44 /* Supporting Files */,
			);
			path = Med;
			sourceTree = "<group>";
		};
		CA98197816FAAF1E0031FD44 /* Supporting Files */ = {
			isa = PBXGroup;
			children = (
				CAA627FE1720E95F00D4FEA3 /* font.ttf */,
				CA981A4A16FAB5100031FD44 /* MainWindow.xib */,
				CA9819F316FAAFB80031FD44 /* menu.plist */,
				CA98199416FAAF4F0031FD44 /* images */,
				CA98197916FAAF1E0031FD44 /* Med-Info.plist */,
				CA98197A16FAAF1E0031FD44 /* InfoPlist.strings */,
				CA98197D16FAAF1E0031FD44 /* main.m */,
				CA98197F16FAAF1E0031FD44 /* Med-Prefix.pch */,
			);
			name = "Supporting Files";
			sourceTree = "<group>";
		};
		CA98199416FAAF4F0031FD44 /* images */ = {
			isa = PBXGroup;
			children = (
				CAB9B602172268E60032D1C5 /* Title.png */,
				CAB9B603172268E60032D1C5 /* Title@2x.png */,
				CA90F9D217141DB4003F34E8 /* btn_normal.png */,
				CA90F9D317141DB4003F34E8 /* btn_down.png */,
				CA005091171409C200D5EF2B /* _refresh.png */,
				CA005089171404B000D5EF2B /* checkBtn_down.png */,
				CA00508A171404B000D5EF2B /* deleteBtn_normal.png */,
				CA00508B171404B000D5EF2B /* checkBtn_normal.png */,
				CA00508C171404B000D5EF2B /* deleteBtn_down.png */,
				CA949D871713FB7400FCCCF2 /* checkBtn.png */,
				CA949D881713FB7400FCCCF2 /* deleteBtn.png */,
				CA9819CC16FAAF860031FD44 /* ios */,
				CA98199516FAAF5B0031FD44 /* img */,
			);
			name = images;
			sourceTree = "<group>";
		};
		CA98199516FAAF5B0031FD44 /* img */ = {
			isa = PBXGroup;
			children = (
				CA9593FF1716ECDB004C9D31 /* logo.png */,
				CA9593EE1716E2E4004C9D31 /* MenuIcon */,
				CAE68247171666E90059B9F5 /* bg */,
				CA981A4D16FACA1B0031FD44 /* Default-Portrait.png */,
				CA98198316FAAF1E0031FD44 /* Default.png */,
				CA9593FD1716EA1D004C9D31 /* Default-Landscape.png */,
				CA98198516FAAF1E0031FD44 /* Default@2x.png */,
				CA98198716FAAF1E0031FD44 /* Default-568h@2x.png */,
				CA9819C416FAAF7B0031FD44 /* DownAccessory.png */,
				CA44944017081A5600A05F8D /* export.png */,
				CA44943E1708196800A05F8D /* excel.png */,
				CA9819C516FAAF7B0031FD44 /* DownAccessory@2x.png */,
				CA9819C616FAAF7B0031FD44 /* UpAccessory.png */,
				CA9819C716FAAF7B0031FD44 /* UpAccessory@2x.png */,
				CA98199616FAAF6B0031FD44 /* arraw.png */,
				CA981A6516FAE3DC0031FD44 /* ipad_top_bg_noshadow.png */,
				CA981A6616FAE3DC0031FD44 /* ipad_top_bg.png */,
				CA981A6716FAE3DC0031FD44 /* ipad_top_bg2_noshadow.png */,
				CA981A6816FAE3DC0031FD44 /* ipad_top_bg2.png */,
				CA98199716FAAF6B0031FD44 /* button_icon_close.png */,
				CA98199816FAAF6B0031FD44 /* button_icon_close@2x.png */,
				CA98199B16FAAF6B0031FD44 /* bg0.png */,
				CA9819A116FAAF6B0031FD44 /* ipad_tab_cell_selected.png */,
				CA9819A216FAAF6B0031FD44 /* ipad_tab_cell_separator_vertical.png */,
				CA9819A316FAAF6B0031FD44 /* ipad_tab_cell_separator.png */,
				CA9819A616FAAF6B0031FD44 /* nav_bg.png */,
				CA9819AA16FAAF6B0031FD44 /* ok.png */,
				CA9819AB16FAAF6B0031FD44 /* reduce.png */,
				CA9819AC16FAAF6B0031FD44 /* refresh.png */,
			);
			name = img;
			sourceTree = "<group>";
		};
		CA9819CC16FAAF860031FD44 /* ios */ = {
			isa = PBXGroup;
			children = (
				CAE68245171664D20059B9F5 /* bg2.png */,
				CA9819CD16FAAF860031FD44 /* Icon-72.png */,
				CA9819CE16FAAF860031FD44 /* Icon-72@2x.png */,
				CA9819CF16FAAF860031FD44 /* Icon-Small-50.png */,
				CA9819D016FAAF860031FD44 /* Icon-Small-50@2x.png */,
				CA9819D116FAAF860031FD44 /* Icon-Small.png */,
				CA9819D216FAAF860031FD44 /* Icon-Small@2x.png */,
				CA9819D316FAAF860031FD44 /* Icon.png */,
				CA9819D416FAAF860031FD44 /* Icon@2x.png */,
				CA9819D516FAAF860031FD44 /* iTunesArtwork.png */,
				CA9819D616FAAF860031FD44 /* iTunesArtwork@2x.png */,
			);
			path = ios;
			sourceTree = "<group>";
		};
		CA9819E116FAAF8F0031FD44 /* fmdb */ = {
			isa = PBXGroup;
			children = (
				CA9819E216FAAF8F0031FD44 /* FMDatabase.h */,
				CA9819E316FAAF8F0031FD44 /* FMDatabase.m */,
				CA9819E416FAAF8F0031FD44 /* FMDatabaseAdditions.h */,
				CA9819E516FAAF8F0031FD44 /* FMDatabaseAdditions.m */,
				CA9819E616FAAF8F0031FD44 /* FMDatabasePool.h */,
				CA9819E716FAAF8F0031FD44 /* FMDatabasePool.m */,
				CA9819E816FAAF8F0031FD44 /* FMDatabaseQueue.h */,
				CA9819E916FAAF8F0031FD44 /* FMDatabaseQueue.m */,
				CA9819EA16FAAF8F0031FD44 /* FMResultSet.h */,
				CA9819EB16FAAF8F0031FD44 /* FMResultSet.m */,
			);
			path = fmdb;
			sourceTree = "<group>";
		};
		CA9819F516FAB0110031FD44 /* MainClass */ = {
			isa = PBXGroup;
			children = (
				CABBA80317018317009BFB35 /* ExportData */,
				CA981A5516FAE2560031FD44 /* ScanInfo */,
				CA981A2616FAB1090031FD44 /* Data */,
				CA981A1516FAB0D20031FD44 /* Model */,
				CA981A1116FAB0BA0031FD44 /* GCD */,
				CA981A0216FAB06D0031FD44 /* Extention */,
				CA9819F616FAB0370031FD44 /* RootViewController.h */,
				CA9819F716FAB0370031FD44 /* RootViewController.m */,
				CA98198016FAAF1E0031FD44 /* AppDelegate.h */,
				CA98198116FAAF1E0031FD44 /* AppDelegate.m */,
				CA9819F916FAB05F0031FD44 /* DataViewController.h */,
				CA9819FA16FAB05F0031FD44 /* DataViewController.m */,
				CA9819FB16FAB05F0031FD44 /* MenuController.h */,
				CA9819FC16FAB05F0031FD44 /* MenuController.m */,
				CA9819FD16FAB05F0031FD44 /* StackScrollViewController.h */,
				CA9819FE16FAB05F0031FD44 /* StackScrollViewController.m */,
			);
			name = MainClass;
			sourceTree = "<group>";
		};
		CA981A0216FAB06D0031FD44 /* Extention */ = {
			isa = PBXGroup;
			children = (
				CAA627FA1720E8AD00D4FEA3 /* Classes */,
				CA4DE64517203167005F7A01 /* MNMToast */,
				CA878D4A171FA582001E0AE0 /* MBAlertView */,
				CAA752441715941A00EF9B56 /* WCAlertView */,
				CA90FA4517144139003F34E8 /* CMActionSheet */,
				CA90F9D617143891003F34E8 /* CHCSVWriter */,
				CA4494421708242900A05F8D /* MBProgressHUD */,
				CA981A0616FAB0990031FD44 /* CustomCell */,
				CA981A0316FAB0930031FD44 /* UIViewWithShadow.h */,
				CA981A0416FAB0930031FD44 /* UIViewWithShadow.m */,
				CAD38C101724DBB60052324F /* UIView+customBackground.h */,
				CAD38C111724DBB60052324F /* UIView+customBackground.m */,
			);
			name = Extention;
			sourceTree = "<group>";
		};
		CA981A0616FAB0990031FD44 /* CustomCell */ = {
			isa = PBXGroup;
			children = (
				CA981A0716FAB0AA0031FD44 /* Cell1.h */,
				CA981A0816FAB0AA0031FD44 /* Cell1.m */,
				CA981A0916FAB0AA0031FD44 /* Cell1.xib */,
				CA981A0A16FAB0AA0031FD44 /* Cell2.h */,
				CA981A0B16FAB0AA0031FD44 /* Cell2.m */,
				CA981A0C16FAB0AA0031FD44 /* Cell2.xib */,
			);
			name = CustomCell;
			sourceTree = "<group>";
		};
		CA981A1116FAB0BA0031FD44 /* GCD */ = {
			isa = PBXGroup;
			children = (
				CA981A1216FAB0C90031FD44 /* GCDiscreetNotificationView.h */,
				CA981A1316FAB0C90031FD44 /* GCDiscreetNotificationView.m */,
			);
			name = GCD;
			sourceTree = "<group>";
		};
		CA981A1516FAB0D20031FD44 /* Model */ = {
			isa = PBXGroup;
			children = (
				CA981A1616FAB0E60031FD44 /* BingQu.h */,
				CA981A1716FAB0E60031FD44 /* BingQu.m */,
				CA981A1816FAB0E60031FD44 /* Config.h */,
				CAE7F32F1707D18E00D731D3 /* Help.h */,
				CAE7F3301707D18E00D731D3 /* Help.m */,
				CA981A1916FAB0E60031FD44 /* dataBaseManager.h */,
				CA981A1A16FAB0E60031FD44 /* dataBaseManager.m */,
				CA981A1B16FAB0E60031FD44 /* Medicine.h */,
				CA981A1C16FAB0E60031FD44 /* Medicine.m */,
				CA981A1F16FAB0E60031FD44 /* Record.h */,
				CA981A2016FAB0E60031FD44 /* Record.m */,
			);
			name = Model;
			sourceTree = "<group>";
		};
		CA981A2616FAB1090031FD44 /* Data */ = {
			isa = PBXGroup;
			children = (
				CA981A3316FAB13B0031FD44 /* NewRecord */,
				CA981A2D16FAB1240031FD44 /* NewBQ */,
				CA981A2716FAB1100031FD44 /* NewMed */,
			);
			name = Data;
			sourceTree = "<group>";
		};
		CA981A2716FAB1100031FD44 /* NewMed */ = {
			isa = PBXGroup;
			children = (
				CA981A2816FAB1200031FD44 /* NewMedicine.h */,
				CA981A2916FAB1200031FD44 /* NewMedicine.m */,
				CA981A2A16FAB1200031FD44 /* NewMedicine.xib */,
			);
			name = NewMed;
			sourceTree = "<group>";
		};
		CA981A2D16FAB1240031FD44 /* NewBQ */ = {
			isa = PBXGroup;
			children = (
				CA981A5016FACEA70031FD44 /* NewBingQu.h */,
				CA981A5116FACEA70031FD44 /* NewBingQu.m */,
				CA981A5216FACEA70031FD44 /* NewBingQu.xib */,
			);
			name = NewBQ;
			sourceTree = "<group>";
		};
		CA981A3316FAB13B0031FD44 /* NewRecord */ = {
			isa = PBXGroup;
			children = (
				CA981A3416FAB14B0031FD44 /* NewRecord.h */,
				CA981A3516FAB14B0031FD44 /* NewRecord.m */,
				CA981A3616FAB14B0031FD44 /* NewRecord.xib */,
				CA981A3916FAB15C0031FD44 /* SelectBQ.h */,
				CA981A3A16FAB15C0031FD44 /* SelectBQ.m */,
				CA981A3B16FAB15C0031FD44 /* SelectBQ.xib */,
				CA981A3E16FAB1710031FD44 /* InputNewRecord.h */,
				CA981A3F16FAB1710031FD44 /* InputNewRecord.m */,
				CA981A4016FAB1710031FD44 /* InputNewRecord.xib */,
				CA981A4116FAB1710031FD44 /* MedInfoCell.h */,
				CA981A4216FAB1710031FD44 /* MedInfoCell.m */,
				CA981A4316FAB1710031FD44 /* MedInfoCell.xib */,
			);
			name = NewRecord;
			sourceTree = "<group>";
		};
		CA981A5516FAE2560031FD44 /* ScanInfo */ = {
			isa = PBXGroup;
			children = (
				CA981A5616FAE28D0031FD44 /* ScanAllMedInfo.h */,
				CA981A5716FAE28D0031FD44 /* ScanAllMedInfo.m */,
				CA981A5816FAE28D0031FD44 /* ScanAllMedInfo.xib */,
				CA93F95616FD81D700A1BA03 /* ScanAllRecords.h */,
				CA93F95716FD81D700A1BA03 /* ScanAllRecords.m */,
				CA93F95816FD81D700A1BA03 /* ScanAllRecords.xib */,
				CAB8F54316FEC83C0004FB04 /* RecordDetail.h */,
				CAB8F54416FEC83C0004FB04 /* RecordDetail.m */,
			);
			name = ScanInfo;
			sourceTree = "<group>";
		};
		CAA627FA1720E8AD00D4FEA3 /* Classes */ = {
			isa = PBXGroup;
			children = (
				CAA627FB1720E8AD00D4FEA3 /* QBFlatButton.h */,
				CAA627FC1720E8AD00D4FEA3 /* QBFlatButton.m */,
			);
			path = Classes;
			sourceTree = "<group>";
		};
		CAA752441715941A00EF9B56 /* WCAlertView */ = {
			isa = PBXGroup;
			children = (
				CAA752451715941A00EF9B56 /* WCAlertView.h */,
				CAA752461715941A00EF9B56 /* WCAlertView.m */,
			);
			path = WCAlertView;
			sourceTree = "<group>";
		};
		CABBA80317018317009BFB35 /* ExportData */ = {
			isa = PBXGroup;
			children = (
				CABBA80417018338009BFB35 /* ExportTable.h */,
				CABBA80517018338009BFB35 /* ExportTable.m */,
				CABBA80617018338009BFB35 /* ExportTable.xib */,
			);
			name = ExportData;
			sourceTree = "<group>";
		};
		CAE68247171666E90059B9F5 /* bg */ = {
			isa = PBXGroup;
			children = (
				CAE6827417166B1A0059B9F5 /* bg14.png */,
				CAE6827217166AB00059B9F5 /* bg11.png */,
				CAE68248171666EA0059B9F5 /* bg1.png */,
				CAE68270171669820059B9F5 /* bg3.png */,
				CAE6824B171666EA0059B9F5 /* bg12.png */,
				CAE6824C171666EA0059B9F5 /* bg13.png */,
				CAE6824E171666EA0059B9F5 /* bg15.png */,
				CAE6824F171666EA0059B9F5 /* bg16.png */,
				CAE68250171666EA0059B9F5 /* bg17.png */,
				CAE68251171666EA0059B9F5 /* bg18.png */,
				CAE68252171666EA0059B9F5 /* bg19.png */,
				CAE68253171666EA0059B9F5 /* bg2.png */,
				CAE68254171666EA0059B9F5 /* bg10.png */,
				CAE68256171666EA0059B9F5 /* bg4.png */,
				CAE68257171666EA0059B9F5 /* bg5.png */,
				CAE68258171666EA0059B9F5 /* bg6.png */,
				CAE68259171666EA0059B9F5 /* bg7.png */,
				CAE6825A171666EA0059B9F5 /* bg8.png */,
				CAE6825B171666EA0059B9F5 /* bg9.png */,
			);
			path = bg;
			sourceTree = "<group>";
		};
/* End PBXGroup section */

/* Begin PBXNativeTarget section */
		CA98196D16FAAF1E0031FD44 /* Med */ = {
			isa = PBXNativeTarget;
			buildConfigurationList = CA98199116FAAF1E0031FD44 /* Build configuration list for PBXNativeTarget "Med" */;
			buildPhases = (
				CA98196A16FAAF1E0031FD44 /* Sources */,
				CA98196B16FAAF1E0031FD44 /* Frameworks */,
				CA98196C16FAAF1E0031FD44 /* Resources */,
			);
			buildRules = (
			);
			dependencies = (
			);
			name = Med;
			productName = Med;
			productReference = CA98196E16FAAF1E0031FD44 /* Med.app */;
			productType = "com.apple.product-type.application";
		};
/* End PBXNativeTarget section */

/* Begin PBXProject section */
		CA98196616FAAF1E0031FD44 /* Project object */ = {
			isa = PBXProject;
			attributes = {
				LastUpgradeCheck = 0460;
				ORGANIZATIONNAME = Edward;
			};
			buildConfigurationList = CA98196916FAAF1E0031FD44 /* Build configuration list for PBXProject "Med" */;
			compatibilityVersion = "Xcode 3.2";
			developmentRegion = English;
			hasScannedForEncodings = 0;
			knownRegions = (
				en,
			);
			mainGroup = CA98196516FAAF1E0031FD44;
			productRefGroup = CA98196F16FAAF1E0031FD44 /* Products */;
			projectDirPath = "";
			projectRoot = "";
			targets = (
				CA98196D16FAAF1E0031FD44 /* Med */,
			);
		};
/* End PBXProject section */

/* Begin PBXResourcesBuildPhase section */
		CA98196C16FAAF1E0031FD44 /* Resources */ = {
			isa = PBXResourcesBuildPhase;
			buildActionMask = 2147483647;
			files = (
				CA98197C16FAAF1E0031FD44 /* InfoPlist.strings in Resources */,
				CA98198416FAAF1E0031FD44 /* Default.png in Resources */,
				CA98198616FAAF1E0031FD44 /* Default@2x.png in Resources */,
				CA98198816FAAF1E0031FD44 /* Default-568h@2x.png in Resources */,
				CA9819AD16FAAF6B0031FD44 /* arraw.png in Resources */,
				CA9819AE16FAAF6B0031FD44 /* button_icon_close.png in Resources */,
				CA9819AF16FAAF6B0031FD44 /* button_icon_close@2x.png in Resources */,
				CA9819B216FAAF6B0031FD44 /* bg0.png in Resources */,
				CA9819B816FAAF6B0031FD44 /* ipad_tab_cell_selected.png in Resources */,
				CA9819B916FAAF6B0031FD44 /* ipad_tab_cell_separator_vertical.png in Resources */,
				CA9819BA16FAAF6B0031FD44 /* ipad_tab_cell_separator.png in Resources */,
				CA9819BD16FAAF6B0031FD44 /* nav_bg.png in Resources */,
				CA9819C116FAAF6B0031FD44 /* ok.png in Resources */,
				CA9819C216FAAF6B0031FD44 /* reduce.png in Resources */,
				CA9819C316FAAF6B0031FD44 /* refresh.png in Resources */,
				CA9819C816FAAF7B0031FD44 /* DownAccessory.png in Resources */,
				CA9819C916FAAF7B0031FD44 /* DownAccessory@2x.png in Resources */,
				CA9819CA16FAAF7B0031FD44 /* UpAccessory.png in Resources */,
				CA9819CB16FAAF7B0031FD44 /* UpAccessory@2x.png in Resources */,
				CA9819D716FAAF860031FD44 /* Icon-72.png in Resources */,
				CA9819D816FAAF860031FD44 /* Icon-72@2x.png in Resources */,
				CA9819D916FAAF860031FD44 /* Icon-Small-50.png in Resources */,
				CA9819DA16FAAF860031FD44 /* Icon-Small-50@2x.png in Resources */,
				CA9819DB16FAAF860031FD44 /* Icon-Small.png in Resources */,
				CA9819DC16FAAF860031FD44 /* Icon-Small@2x.png in Resources */,
				CA9819DD16FAAF860031FD44 /* Icon.png in Resources */,
				CA9819DE16FAAF860031FD44 /* Icon@2x.png in Resources */,
				CA9819DF16FAAF860031FD44 /* iTunesArtwork.png in Resources */,
				CA9819E016FAAF860031FD44 /* iTunesArtwork@2x.png in Resources */,
				CA9819F416FAAFB80031FD44 /* menu.plist in Resources */,
				CA981A0E16FAB0AA0031FD44 /* Cell1.xib in Resources */,
				CA981A1016FAB0AA0031FD44 /* Cell2.xib in Resources */,
				CA981A2C16FAB1200031FD44 /* NewMedicine.xib in Resources */,
				CA981A3816FAB14B0031FD44 /* NewRecord.xib in Resources */,
				CA981A3D16FAB15C0031FD44 /* SelectBQ.xib in Resources */,
				CA981A4516FAB1710031FD44 /* InputNewRecord.xib in Resources */,
				CA981A4716FAB1710031FD44 /* MedInfoCell.xib in Resources */,
				CA981A4B16FAB5100031FD44 /* MainWindow.xib in Resources */,
				CA981A4F16FACA1C0031FD44 /* Default-Portrait.png in Resources */,
				CA981A5416FACEA70031FD44 /* NewBingQu.xib in Resources */,
				CA981A5A16FAE28D0031FD44 /* ScanAllMedInfo.xib in Resources */,
				CA981A6916FAE3DC0031FD44 /* ipad_top_bg_noshadow.png in Resources */,
				CA981A6A16FAE3DC0031FD44 /* ipad_top_bg.png in Resources */,
				CA981A6B16FAE3DC0031FD44 /* ipad_top_bg2_noshadow.png in Resources */,
				CA981A6C16FAE3DC0031FD44 /* ipad_top_bg2.png in Resources */,
				CA93F95A16FD81D700A1BA03 /* ScanAllRecords.xib in Resources */,
				CABBA80817018338009BFB35 /* ExportTable.xib in Resources */,
				CA44943F1708196800A05F8D /* excel.png in Resources */,
				CA44944117081A5600A05F8D /* export.png in Resources */,
				CA949D891713FB7400FCCCF2 /* checkBtn.png in Resources */,
				CA949D8A1713FB7400FCCCF2 /* deleteBtn.png in Resources */,
				CA00508D171404B000D5EF2B /* checkBtn_down.png in Resources */,
				CA00508E171404B000D5EF2B /* deleteBtn_normal.png in Resources */,
				CA00508F171404B000D5EF2B /* checkBtn_normal.png in Resources */,
				CA005090171404B000D5EF2B /* deleteBtn_down.png in Resources */,
				CA005092171409C200D5EF2B /* _refresh.png in Resources */,
				CA90F9D417141DB4003F34E8 /* btn_normal.png in Resources */,
				CA90F9D517141DB4003F34E8 /* btn_down.png in Resources */,
				CA90FA5D17144139003F34E8 /* action-blue-button-selected.png in Resources */,
				CA90FA5E17144139003F34E8 /* action-blue-button-selected@2x.png in Resources */,
				CA90FA5F17144139003F34E8 /* action-blue-button.png in Resources */,
				CA90FA6017144139003F34E8 /* action-blue-button@2x.png in Resources */,
				CA90FA6117144139003F34E8 /* action-red-button-selected.png in Resources */,
				CA90FA6217144139003F34E8 /* action-red-button-selected@2x.png in Resources */,
				CA90FA6317144139003F34E8 /* action-red-button.png in Resources */,
				CA90FA6417144139003F34E8 /* action-red-button@2x.png in Resources */,
				CA90FA6517144139003F34E8 /* action-separator.png in Resources */,
				CA90FA6617144139003F34E8 /* action-separator@2x.png in Resources */,
				CA90FA6717144139003F34E8 /* action-sheet-panel.png in Resources */,
				CA90FA6817144139003F34E8 /* action-sheet-panel@2x.png in Resources */,
				CA90FA6917144139003F34E8 /* action-white-button-selected.png in Resources */,
				CA90FA6A17144139003F34E8 /* action-white-button-selected@2x.png in Resources */,
				CA90FA6B17144139003F34E8 /* action-white-button.png in Resources */,
				CA90FA6C17144139003F34E8 /* action-white-button@2x.png in Resources */,
				CAE68246171664D20059B9F5 /* bg2.png in Resources */,
				CAE6825C171666EA0059B9F5 /* bg1.png in Resources */,
				CAE6825F171666EA0059B9F5 /* bg12.png in Resources */,
				CAE68260171666EA0059B9F5 /* bg13.png in Resources */,
				CAE68262171666EA0059B9F5 /* bg15.png in Resources */,
				CAE68263171666EA0059B9F5 /* bg16.png in Resources */,
				CAE68264171666EA0059B9F5 /* bg17.png in Resources */,
				CAE68265171666EA0059B9F5 /* bg18.png in Resources */,
				CAE68266171666EA0059B9F5 /* bg19.png in Resources */,
				CAE68267171666EA0059B9F5 /* bg2.png in Resources */,
				CAE68268171666EA0059B9F5 /* bg10.png in Resources */,
				CAE6826A171666EA0059B9F5 /* bg4.png in Resources */,
				CAE6826B171666EA0059B9F5 /* bg5.png in Resources */,
				CAE6826C171666EA0059B9F5 /* bg6.png in Resources */,
				CAE6826D171666EA0059B9F5 /* bg7.png in Resources */,
				CAE6826E171666EA0059B9F5 /* bg8.png in Resources */,
				CAE6826F171666EA0059B9F5 /* bg9.png in Resources */,
				CAE68271171669820059B9F5 /* bg3.png in Resources */,
				CAE6827317166AB00059B9F5 /* bg11.png in Resources */,
				CAE6827517166B1B0059B9F5 /* bg14.png in Resources */,
				CA9593F21716E2FA004C9D31 /* setting.png in Resources */,
				CA9593F61716E30F004C9D31 /* add.png in Resources */,
				CA9593F81716E490004C9D31 /* scan.png in Resources */,
				CA9593FE1716EA20004C9D31 /* Default-Landscape.png in Resources */,
				CA9594001716ECDC004C9D31 /* logo.png in Resources */,
				CAA627FF1720E95F00D4FEA3 /* font.ttf in Resources */,
				CAB9B604172268E60032D1C5 /* Title.png in Resources */,
				CAB9B605172268E60032D1C5 /* Title@2x.png in Resources */,
			);
			runOnlyForDeploymentPostprocessing = 0;
		};
/* End PBXResourcesBuildPhase section */

/* Begin PBXSourcesBuildPhase section */
		CA98196A16FAAF1E0031FD44 /* Sources */ = {
			isa = PBXSourcesBuildPhase;
			buildActionMask = 2147483647;
			files = (
				CA98197E16FAAF1E0031FD44 /* main.m in Sources */,
				CA98198216FAAF1E0031FD44 /* AppDelegate.m in Sources */,
				CA9819EC16FAAF8F0031FD44 /* FMDatabase.m in Sources */,
				CA9819ED16FAAF8F0031FD44 /* FMDatabaseAdditions.m in Sources */,
				CA9819EE16FAAF8F0031FD44 /* FMDatabasePool.m in Sources */,
				CA9819EF16FAAF8F0031FD44 /* FMDatabaseQueue.m in Sources */,
				CA9819F016FAAF8F0031FD44 /* FMResultSet.m in Sources */,
				CA9819F816FAB0370031FD44 /* RootViewController.m in Sources */,
				CA9819FF16FAB05F0031FD44 /* DataViewController.m in Sources */,
				CA981A0016FAB05F0031FD44 /* MenuController.m in Sources */,
				CA981A0116FAB05F0031FD44 /* StackScrollViewController.m in Sources */,
				CA981A0516FAB0930031FD44 /* UIViewWithShadow.m in Sources */,
				CA981A0D16FAB0AA0031FD44 /* Cell1.m in Sources */,
				CA981A0F16FAB0AA0031FD44 /* Cell2.m in Sources */,
				CA981A1416FAB0C90031FD44 /* GCDiscreetNotificationView.m in Sources */,
				CA981A2116FAB0E60031FD44 /* BingQu.m in Sources */,
				CA981A2216FAB0E60031FD44 /* dataBaseManager.m in Sources */,
				CA981A2316FAB0E60031FD44 /* Medicine.m in Sources */,
				CA981A2516FAB0E60031FD44 /* Record.m in Sources */,
				CA981A2B16FAB1200031FD44 /* NewMedicine.m in Sources */,
				CA981A3716FAB14B0031FD44 /* NewRecord.m in Sources */,
				CA981A3C16FAB15C0031FD44 /* SelectBQ.m in Sources */,
				CA981A4416FAB1710031FD44 /* InputNewRecord.m in Sources */,
				CA981A4616FAB1710031FD44 /* MedInfoCell.m in Sources */,
				CA981A5316FACEA70031FD44 /* NewBingQu.m in Sources */,
				CA981A5916FAE28D0031FD44 /* ScanAllMedInfo.m in Sources */,
				CA93F95916FD81D700A1BA03 /* ScanAllRecords.m in Sources */,
				CAB8F54516FEC83C0004FB04 /* RecordDetail.m in Sources */,
				CABBA80717018338009BFB35 /* ExportTable.m in Sources */,
				CAE7F3311707D18E00D731D3 /* Help.m in Sources */,
				CA4494451708243A00A05F8D /* MBProgressHUD.m in Sources */,
				CA3D25D5170AA835003DD461 /* CHCSVWriter.m in Sources */,
				CA90FA5B17144139003F34E8 /* CMActionSheet.m in Sources */,
				CA90FA5C17144139003F34E8 /* CMRotatableModalViewController.m in Sources */,
				CAA752471715941A00EF9B56 /* WCAlertView.m in Sources */,
				CA878D62171FA582001E0AE0 /* NSString+Trim.m in Sources */,
				CA878D63171FA582001E0AE0 /* UIFont+Alert.m in Sources */,
				CA878D64171FA582001E0AE0 /* UIView+Animations.m in Sources */,
				CA878D65171FA582001E0AE0 /* MBAlertView.m in Sources */,
				CA878D66171FA582001E0AE0 /* MBHUDView.m in Sources */,
				CA878D67171FA582001E0AE0 /* MBAlertViewItem.m in Sources */,
				CA878D68171FA582001E0AE0 /* MBAlertViewButton.m in Sources */,
				CA878D69171FA582001E0AE0 /* MBCheckMarkView.m in Sources */,
				CA878D6A171FA582001E0AE0 /* MBSpinningCircle.m in Sources */,
				CA4DE64E17203167005F7A01 /* MNMToast.m in Sources */,
				CA4DE64F17203167005F7A01 /* MNMToastConstants.m in Sources */,
				CA4DE65017203167005F7A01 /* MNMToastValue.m in Sources */,
				CA4DE65117203167005F7A01 /* MNMToastView.m in Sources */,
				CAA627FD1720E8AD00D4FEA3 /* QBFlatButton.m in Sources */,
				CAD38C121724DBB60052324F /* UIView+customBackground.m in Sources */,
			);
			runOnlyForDeploymentPostprocessing = 0;
		};
/* End PBXSourcesBuildPhase section */

/* Begin PBXVariantGroup section */
		CA98197A16FAAF1E0031FD44 /* InfoPlist.strings */ = {
			isa = PBXVariantGroup;
			children = (
				CA98197B16FAAF1E0031FD44 /* en */,
			);
			name = InfoPlist.strings;
			sourceTree = "<group>";
		};
/* End PBXVariantGroup section */

/* Begin XCBuildConfiguration section */
		CA98198F16FAAF1E0031FD44 /* Debug */ = {
			isa = XCBuildConfiguration;
			buildSettings = {
				ALWAYS_SEARCH_USER_PATHS = NO;
				CLANG_CXX_LANGUAGE_STANDARD = "gnu++0x";
				CLANG_CXX_LIBRARY = "libc++";
				CLANG_WARN_CONSTANT_CONVERSION = YES;
				CLANG_WARN_EMPTY_BODY = YES;
				CLANG_WARN_ENUM_CONVERSION = YES;
				CLANG_WARN_INT_CONVERSION = YES;
				CLANG_WARN__DUPLICATE_METHOD_MATCH = YES;
				"CODE_SIGN_IDENTITY[sdk=iphoneos*]" = "iPhone Developer";
				COPY_PHASE_STRIP = NO;
				GCC_C_LANGUAGE_STANDARD = gnu99;
				GCC_DYNAMIC_NO_PIC = NO;
				GCC_OPTIMIZATION_LEVEL = 0;
				GCC_PREPROCESSOR_DEFINITIONS = (
					"DEBUG=1",
					"$(inherited)",
				);
				GCC_SYMBOLS_PRIVATE_EXTERN = NO;
				GCC_WARN_ABOUT_RETURN_TYPE = YES;
				GCC_WARN_UNINITIALIZED_AUTOS = YES;
				GCC_WARN_UNUSED_VARIABLE = YES;
				IPHONEOS_DEPLOYMENT_TARGET = 5.0;
				ONLY_ACTIVE_ARCH = YES;
				SDKROOT = iphoneos;
				TARGETED_DEVICE_FAMILY = 2;
			};
			name = Debug;
		};
		CA98199016FAAF1E0031FD44 /* Release */ = {
			isa = XCBuildConfiguration;
			buildSettings = {
				ALWAYS_SEARCH_USER_PATHS = NO;
				CLANG_CXX_LANGUAGE_STANDARD = "gnu++0x";
				CLANG_CXX_LIBRARY = "libc++";
				CLANG_WARN_CONSTANT_CONVERSION = YES;
				CLANG_WARN_EMPTY_BODY = YES;
				CLANG_WARN_ENUM_CONVERSION = YES;
				CLANG_WARN_INT_CONVERSION = YES;
				CLANG_WARN__DUPLICATE_METHOD_MATCH = YES;
				"CODE_SIGN_IDENTITY[sdk=iphoneos*]" = "iPhone Developer";
				COPY_PHASE_STRIP = YES;
				GCC_C_LANGUAGE_STANDARD = gnu99;
				GCC_WARN_ABOUT_RETURN_TYPE = YES;
				GCC_WARN_UNINITIALIZED_AUTOS = YES;
				GCC_WARN_UNUSED_VARIABLE = YES;
				IPHONEOS_DEPLOYMENT_TARGET = 5.0;
				OTHER_CFLAGS = "-DNS_BLOCK_ASSERTIONS=1";
				SDKROOT = iphoneos;
				TARGETED_DEVICE_FAMILY = 2;
				VALIDATE_PRODUCT = YES;
			};
			name = Release;
		};
		CA98199216FAAF1E0031FD44 /* Debug */ = {
			isa = XCBuildConfiguration;
			buildSettings = {
				CLANG_ENABLE_OBJC_ARC = YES;
				CODE_SIGN_IDENTITY = "iPhone Developer: Hang Li (B4WB78DCEG)";
				GCC_PRECOMPILE_PREFIX_HEADER = YES;
				GCC_PREFIX_HEADER = "Med/Med-Prefix.pch";
				INFOPLIST_FILE = "Med/Med-Info.plist";
				IPHONEOS_DEPLOYMENT_TARGET = 5.0;
				PRODUCT_NAME = "$(TARGET_NAME)";
				PROVISIONING_PROFILE = "B14C060A-7F95-4340-9FFC-CAA04EF331DD";
				WRAPPER_EXTENSION = app;
			};
			name = Debug;
		};
		CA98199316FAAF1E0031FD44 /* Release */ = {
			isa = XCBuildConfiguration;
			buildSettings = {
				CLANG_ENABLE_OBJC_ARC = YES;
				CODE_SIGN_IDENTITY = "iPhone Developer: Hang Li (B4WB78DCEG)";
				GCC_PRECOMPILE_PREFIX_HEADER = YES;
				GCC_PREFIX_HEADER = "Med/Med-Prefix.pch";
				INFOPLIST_FILE = "Med/Med-Info.plist";
				IPHONEOS_DEPLOYMENT_TARGET = 5.0;
				PRODUCT_NAME = "$(TARGET_NAME)";
				PROVISIONING_PROFILE = "B14C060A-7F95-4340-9FFC-CAA04EF331DD";
				WRAPPER_EXTENSION = app;
			};
			name = Release;
		};
/* End XCBuildConfiguration section */

/* Begin XCConfigurationList section */
		CA98196916FAAF1E0031FD44 /* Build configuration list for PBXProject "Med" */ = {
			isa = XCConfigurationList;
			buildConfigurations = (
				CA98198F16FAAF1E0031FD44 /* Debug */,
				CA98199016FAAF1E0031FD44 /* Release */,
			);
			defaultConfigurationIsVisible = 0;
			defaultConfigurationName = Release;
		};
		CA98199116FAAF1E0031FD44 /* Build configuration list for PBXNativeTarget "Med" */ = {
			isa = XCConfigurationList;
			buildConfigurations = (
				CA98199216FAAF1E0031FD44 /* Debug */,
				CA98199316FAAF1E0031FD44 /* Release */,
			);
			defaultConfigurationIsVisible = 0;
			defaultConfigurationName = Release;
		};
/* End XCConfigurationList section */
	};
	rootObject = CA98196616FAAF1E0031FD44 /* Project object */;
}
